// !$*UTF8*$!
{
	archiveVersion = 1;
	classes = {
	};
	objectVersion = 46;
	objects = {

/* Begin PBXBuildFile section */
		6842405E4B73F91D4B553B4F /* Map.cpp in Sources */ = {isa = PBXBuildFile; fileRef = 68424BCBCC9C77B25984FCC0 /* Map.cpp */; };
		684240FEBC9232D35FF2B8BC /* ORBextractor.cc in Sources */ = {isa = PBXBuildFile; fileRef = 68424FD80CEAC66F210301CD /* ORBextractor.cc */; };
		6842415444099A1FE7B3B508 /* MapPoint.cpp in Sources */ = {isa = PBXBuildFile; fileRef = 684246C0ADD12E1DC4FECEC2 /* MapPoint.cpp */; };
		684248A1A2F465A967DB66A4 /* Initializer.cc in Sources */ = {isa = PBXBuildFile; fileRef = 6842448CAB6464C237ED57EC /* Initializer.cc */; };
		6842495A25CBE8FAA0451D5B /* Optimizer.cpp in Sources */ = {isa = PBXBuildFile; fileRef = 6842464FDC073CEEE8B7FF13 /* Optimizer.cpp */; };
		68424AA02308E2E3333AD710 /* GLWindow.cpp in Sources */ = {isa = PBXBuildFile; fileRef = 68424A4228369C28A681D4E8 /* GLWindow.cpp */; };
		68424E66C2C4242C9BF1A94A /* ORBmatcher.cc in Sources */ = {isa = PBXBuildFile; fileRef = 6842436352005E2720FD4CFD /* ORBmatcher.cc */; };
		EB0FDAC21CC2687F00A2E303 /* libg2o_types_sim3.dylib in Frameworks */ = {isa = PBXBuildFile; fileRef = EB0FDAA91CC2687F00A2E303 /* libg2o_types_sim3.dylib */; };
		EB0FDAC31CC2687F00A2E303 /* libg2o_solver_dense.dylib in Frameworks */ = {isa = PBXBuildFile; fileRef = EB0FDAAA1CC2687F00A2E303 /* libg2o_solver_dense.dylib */; };
		EB0FDAC41CC2687F00A2E303 /* libg2o_solver_structure_only.dylib in Frameworks */ = {isa = PBXBuildFile; fileRef = EB0FDAAB1CC2687F00A2E303 /* libg2o_solver_structure_only.dylib */; };
		EB0FDAC61CC2687F00A2E303 /* libg2o_types_sclam2d.dylib in Frameworks */ = {isa = PBXBuildFile; fileRef = EB0FDAAD1CC2687F00A2E303 /* libg2o_types_sclam2d.dylib */; };
		EB0FDAC71CC2687F00A2E303 /* libg2o_types_icp.dylib in Frameworks */ = {isa = PBXBuildFile; fileRef = EB0FDAAE1CC2687F00A2E303 /* libg2o_types_icp.dylib */; };
		EB0FDAC81CC2687F00A2E303 /* libg2o_types_slam2d_addons.dylib in Frameworks */ = {isa = PBXBuildFile; fileRef = EB0FDAAF1CC2687F00A2E303 /* libg2o_types_slam2d_addons.dylib */; };
		EB0FDAC91CC2687F00A2E303 /* libg2o_types_sba.dylib in Frameworks */ = {isa = PBXBuildFile; fileRef = EB0FDAB01CC2687F00A2E303 /* libg2o_types_sba.dylib */; };
		EB0FDACA1CC2687F00A2E303 /* libg2o_types_slam3d_addons.dylib in Frameworks */ = {isa = PBXBuildFile; fileRef = EB0FDAB11CC2687F00A2E303 /* libg2o_types_slam3d_addons.dylib */; };
		EB0FDACB1CC2687F00A2E303 /* libg2o_solver_pcg.dylib in Frameworks */ = {isa = PBXBuildFile; fileRef = EB0FDAB21CC2687F00A2E303 /* libg2o_solver_pcg.dylib */; };
		EB0FDACC1CC2687F00A2E303 /* libg2o_types_data.dylib in Frameworks */ = {isa = PBXBuildFile; fileRef = EB0FDAB31CC2687F00A2E303 /* libg2o_types_data.dylib */; };
		EB0FDACD1CC2687F00A2E303 /* libg2o_solver_slam2d_linear.dylib in Frameworks */ = {isa = PBXBuildFile; fileRef = EB0FDAB41CC2687F00A2E303 /* libg2o_solver_slam2d_linear.dylib */; };
		EB0FDACE1CC2687F00A2E303 /* libg2o_types_slam3d.dylib in Frameworks */ = {isa = PBXBuildFile; fileRef = EB0FDAB51CC2687F00A2E303 /* libg2o_types_slam3d.dylib */; };
		EB0FDAD01CC2687F00A2E303 /* libg2o_types_slam2d.dylib in Frameworks */ = {isa = PBXBuildFile; fileRef = EB0FDAB71CC2687F00A2E303 /* libg2o_types_slam2d.dylib */; };
		EB0FDAD11CC2687F00A2E303 /* libg2o_solver_csparse.dylib in Frameworks */ = {isa = PBXBuildFile; fileRef = EB0FDAB81CC2687F00A2E303 /* libg2o_solver_csparse.dylib */; };
		EB0FDAD21CC2687F00A2E303 /* libg2o_solver_eigen.dylib in Frameworks */ = {isa = PBXBuildFile; fileRef = EB0FDAB91CC2687F00A2E303 /* libg2o_solver_eigen.dylib */; };
		EB0FDAD31CC2687F00A2E303 /* libg2o_core.dylib in Frameworks */ = {isa = PBXBuildFile; fileRef = EB0FDABA1CC2687F00A2E303 /* libg2o_core.dylib */; };
		EB0FDAD41CC2687F00A2E303 /* libg2o_csparse_extension.dylib in Frameworks */ = {isa = PBXBuildFile; fileRef = EB0FDABB1CC2687F00A2E303 /* libg2o_csparse_extension.dylib */; };
		EB0FDAD61CC2687F00A2E303 /* libg2o_ext_csparse.dylib in Frameworks */ = {isa = PBXBuildFile; fileRef = EB0FDABD1CC2687F00A2E303 /* libg2o_ext_csparse.dylib */; };
		EB0FDAD71CC2687F00A2E303 /* libg2o_stuff.dylib in Frameworks */ = {isa = PBXBuildFile; fileRef = EB0FDABE1CC2687F00A2E303 /* libg2o_stuff.dylib */; };
		EB0FDAD81CC2687F00A2E303 /* libg2o_ext_freeglut_minimal.dylib in Frameworks */ = {isa = PBXBuildFile; fileRef = EB0FDABF1CC2687F00A2E303 /* libg2o_ext_freeglut_minimal.dylib */; };
		EB0FDAD91CC2687F00A2E303 /* libg2o_opengl_helper.dylib in Frameworks */ = {isa = PBXBuildFile; fileRef = EB0FDAC01CC2687F00A2E303 /* libg2o_opengl_helper.dylib */; };
		EB2CCF701CA24E0300170EEE /* libDBoW2.a in Frameworks */ = {isa = PBXBuildFile; fileRef = EB2CCF6F1CA24E0300170EEE /* libDBoW2.a */; };
		EB301C521C9FF0E600F685EE /* FrameDrawer.cpp in Sources */ = {isa = PBXBuildFile; fileRef = EB301C501C9FF0E600F685EE /* FrameDrawer.cpp */; };
		EB301C551C9FF0F500F685EE /* MapDrawer.cpp in Sources */ = {isa = PBXBuildFile; fileRef = EB301C531C9FF0F500F685EE /* MapDrawer.cpp */; };
		EB301C5B1CA0006400F685EE /* PoseState.cpp in Sources */ = {isa = PBXBuildFile; fileRef = EB301C591CA0006400F685EE /* PoseState.cpp */; };
		EB301C5E1CA0006E00F685EE /* MotionState.cpp in Sources */ = {isa = PBXBuildFile; fileRef = EB301C5C1CA0006E00F685EE /* MotionState.cpp */; };
		EB301C631CA0208300F685EE /* Utils.cpp in Sources */ = {isa = PBXBuildFile; fileRef = EB301C611CA0208300F685EE /* Utils.cpp */; };
		EB361E221C9EC1C000883F14 /* Tracker.cpp in Sources */ = {isa = PBXBuildFile; fileRef = EB361E201C9EC1C000883F14 /* Tracker.cpp */; };
		EB361E251C9EC1EB00883F14 /* LocalMapper.cpp in Sources */ = {isa = PBXBuildFile; fileRef = EB361E231C9EC1EB00883F14 /* LocalMapper.cpp */; };
		EB361E281C9EC1F500883F14 /* LoopCloser.cpp in Sources */ = {isa = PBXBuildFile; fileRef = EB361E261C9EC1F500883F14 /* LoopCloser.cpp */; };
		EB361E2E1C9EC56200883F14 /* Vocabulary.cpp in Sources */ = {isa = PBXBuildFile; fileRef = EB361E2C1C9EC56200883F14 /* Vocabulary.cpp */; };
		EB361E921C9EE69E00883F14 /* KeyFrameState.cpp in Sources */ = {isa = PBXBuildFile; fileRef = EB361E901C9EE69E00883F14 /* KeyFrameState.cpp */; };
		EB98C35A1CBF5C8E006110BA /* OpenGL.framework in Frameworks */ = {isa = PBXBuildFile; fileRef = EB98C3591CBF5C8E006110BA /* OpenGL.framework */; };
		EB98C35C1CBF5CD2006110BA /* libglut.3.dylib in Frameworks */ = {isa = PBXBuildFile; fileRef = EB98C35B1CBF5CD2006110BA /* libglut.3.dylib */; };
		EBAB8DA41CA18B64009A0ED4 /* libopencv_calib3d.2.4.12.dylib in Frameworks */ = {isa = PBXBuildFile; fileRef = EBAB8D901CA18B64009A0ED4 /* libopencv_calib3d.2.4.12.dylib */; };
		EBAB8DA51CA18B64009A0ED4 /* libopencv_contrib.2.4.12.dylib in Frameworks */ = {isa = PBXBuildFile; fileRef = EBAB8D911CA18B64009A0ED4 /* libopencv_contrib.2.4.12.dylib */; };
		EBAB8DA61CA18B64009A0ED4 /* libopencv_core.2.4.12.dylib in Frameworks */ = {isa = PBXBuildFile; fileRef = EBAB8D921CA18B64009A0ED4 /* libopencv_core.2.4.12.dylib */; };
		EBAB8DA71CA18B64009A0ED4 /* libopencv_features2d.2.4.12.dylib in Frameworks */ = {isa = PBXBuildFile; fileRef = EBAB8D931CA18B64009A0ED4 /* libopencv_features2d.2.4.12.dylib */; };
		EBAB8DA81CA18B64009A0ED4 /* libopencv_flann.2.4.12.dylib in Frameworks */ = {isa = PBXBuildFile; fileRef = EBAB8D941CA18B64009A0ED4 /* libopencv_flann.2.4.12.dylib */; };
		EBAB8DA91CA18B64009A0ED4 /* libopencv_gpu.2.4.12.dylib in Frameworks */ = {isa = PBXBuildFile; fileRef = EBAB8D951CA18B64009A0ED4 /* libopencv_gpu.2.4.12.dylib */; };
		EBAB8DAA1CA18B64009A0ED4 /* libopencv_highgui.2.4.12.dylib in Frameworks */ = {isa = PBXBuildFile; fileRef = EBAB8D961CA18B64009A0ED4 /* libopencv_highgui.2.4.12.dylib */; };
		EBAB8DAB1CA18B64009A0ED4 /* libopencv_imgproc.2.4.12.dylib in Frameworks */ = {isa = PBXBuildFile; fileRef = EBAB8D971CA18B64009A0ED4 /* libopencv_imgproc.2.4.12.dylib */; };
		EBAB8DAC1CA18B64009A0ED4 /* libopencv_legacy.2.4.12.dylib in Frameworks */ = {isa = PBXBuildFile; fileRef = EBAB8D981CA18B64009A0ED4 /* libopencv_legacy.2.4.12.dylib */; };
		EBAB8DAD1CA18B64009A0ED4 /* libopencv_ml.2.4.12.dylib in Frameworks */ = {isa = PBXBuildFile; fileRef = EBAB8D991CA18B64009A0ED4 /* libopencv_ml.2.4.12.dylib */; };
		EBAB8DAE1CA18B64009A0ED4 /* libopencv_nonfree.2.4.12.dylib in Frameworks */ = {isa = PBXBuildFile; fileRef = EBAB8D9A1CA18B64009A0ED4 /* libopencv_nonfree.2.4.12.dylib */; };
		EBAB8DAF1CA18B64009A0ED4 /* libopencv_objdetect.2.4.12.dylib in Frameworks */ = {isa = PBXBuildFile; fileRef = EBAB8D9B1CA18B64009A0ED4 /* libopencv_objdetect.2.4.12.dylib */; };
		EBAB8DB01CA18B64009A0ED4 /* libopencv_ocl.2.4.12.dylib in Frameworks */ = {isa = PBXBuildFile; fileRef = EBAB8D9C1CA18B64009A0ED4 /* libopencv_ocl.2.4.12.dylib */; };
		EBAB8DB11CA18B64009A0ED4 /* libopencv_photo.2.4.12.dylib in Frameworks */ = {isa = PBXBuildFile; fileRef = EBAB8D9D1CA18B64009A0ED4 /* libopencv_photo.2.4.12.dylib */; };
		EBAB8DB21CA18B64009A0ED4 /* libopencv_stitching.2.4.12.dylib in Frameworks */ = {isa = PBXBuildFile; fileRef = EBAB8D9E1CA18B64009A0ED4 /* libopencv_stitching.2.4.12.dylib */; };
		EBAB8DB31CA18B64009A0ED4 /* libopencv_superres.2.4.12.dylib in Frameworks */ = {isa = PBXBuildFile; fileRef = EBAB8D9F1CA18B64009A0ED4 /* libopencv_superres.2.4.12.dylib */; };
		EBAB8DB51CA18B64009A0ED4 /* libopencv_video.2.4.12.dylib in Frameworks */ = {isa = PBXBuildFile; fileRef = EBAB8DA11CA18B64009A0ED4 /* libopencv_video.2.4.12.dylib */; };
		EBAB8DB61CA18B64009A0ED4 /* libopencv_videostab.2.4.12.dylib in Frameworks */ = {isa = PBXBuildFile; fileRef = EBAB8DA21CA18B64009A0ED4 /* libopencv_videostab.2.4.12.dylib */; };
		EBAB8DB71CA18B64009A0ED4 /* libopencv_viz.2.4.12.dylib in Frameworks */ = {isa = PBXBuildFile; fileRef = EBAB8DA31CA18B64009A0ED4 /* libopencv_viz.2.4.12.dylib */; };
		EBFE5B761C9DA1F100E6DA0B /* MainProgram.cpp in Sources */ = {isa = PBXBuildFile; fileRef = EBFE5B731C9DA1F100E6DA0B /* MainProgram.cpp */; };
		EBFE5B791C9DA68600E6DA0B /* libboost_thread-mt.dylib in Frameworks */ = {isa = PBXBuildFile; fileRef = EBFE5B771C9DA68600E6DA0B /* libboost_thread-mt.dylib */; };
		EBFE5BF21C9DA6F400E6DA0B /* libboost_atomic-mt.dylib in Frameworks */ = {isa = PBXBuildFile; fileRef = EBFE5B7D1C9DA6F400E6DA0B /* libboost_atomic-mt.dylib */; };
		EBFE5BF41C9DA6F400E6DA0B /* libboost_chrono-mt.dylib in Frameworks */ = {isa = PBXBuildFile; fileRef = EBFE5B7F1C9DA6F400E6DA0B /* libboost_chrono-mt.dylib */; };
		EBFE5BF61C9DA6F400E6DA0B /* libboost_chrono.dylib in Frameworks */ = {isa = PBXBuildFile; fileRef = EBFE5B811C9DA6F400E6DA0B /* libboost_chrono.dylib */; };
		EBFE5BF81C9DA6F400E6DA0B /* libboost_container-mt.dylib in Frameworks */ = {isa = PBXBuildFile; fileRef = EBFE5B831C9DA6F400E6DA0B /* libboost_container-mt.dylib */; };
		EBFE5BFA1C9DA6F400E6DA0B /* libboost_container.dylib in Frameworks */ = {isa = PBXBuildFile; fileRef = EBFE5B851C9DA6F400E6DA0B /* libboost_container.dylib */; };
		EBFE5BFC1C9DA6F400E6DA0B /* libboost_context-mt.dylib in Frameworks */ = {isa = PBXBuildFile; fileRef = EBFE5B871C9DA6F400E6DA0B /* libboost_context-mt.dylib */; };
		EBFE5BFE1C9DA6F400E6DA0B /* libboost_coroutine-mt.dylib in Frameworks */ = {isa = PBXBuildFile; fileRef = EBFE5B891C9DA6F400E6DA0B /* libboost_coroutine-mt.dylib */; };
		EBFE5C001C9DA6F400E6DA0B /* libboost_coroutine.dylib in Frameworks */ = {isa = PBXBuildFile; fileRef = EBFE5B8B1C9DA6F400E6DA0B /* libboost_coroutine.dylib */; };
		EBFE5C021C9DA6F400E6DA0B /* libboost_date_time-mt.dylib in Frameworks */ = {isa = PBXBuildFile; fileRef = EBFE5B8D1C9DA6F400E6DA0B /* libboost_date_time-mt.dylib */; };
		EBFE5C041C9DA6F400E6DA0B /* libboost_date_time.dylib in Frameworks */ = {isa = PBXBuildFile; fileRef = EBFE5B8F1C9DA6F400E6DA0B /* libboost_date_time.dylib */; };
		EBFE5C081C9DA6F400E6DA0B /* libboost_filesystem-mt.dylib in Frameworks */ = {isa = PBXBuildFile; fileRef = EBFE5B931C9DA6F400E6DA0B /* libboost_filesystem-mt.dylib */; };
		EBFE5C0A1C9DA6F400E6DA0B /* libboost_filesystem.dylib in Frameworks */ = {isa = PBXBuildFile; fileRef = EBFE5B951C9DA6F400E6DA0B /* libboost_filesystem.dylib */; };
		EBFE5C0C1C9DA6F400E6DA0B /* libboost_graph-mt.dylib in Frameworks */ = {isa = PBXBuildFile; fileRef = EBFE5B971C9DA6F400E6DA0B /* libboost_graph-mt.dylib */; };
		EBFE5C0E1C9DA6F400E6DA0B /* libboost_graph.dylib in Frameworks */ = {isa = PBXBuildFile; fileRef = EBFE5B991C9DA6F400E6DA0B /* libboost_graph.dylib */; };
		EBFE5C101C9DA6F400E6DA0B /* libboost_iostreams-mt.dylib in Frameworks */ = {isa = PBXBuildFile; fileRef = EBFE5B9B1C9DA6F400E6DA0B /* libboost_iostreams-mt.dylib */; };
		EBFE5C121C9DA6F400E6DA0B /* libboost_iostreams.dylib in Frameworks */ = {isa = PBXBuildFile; fileRef = EBFE5B9D1C9DA6F400E6DA0B /* libboost_iostreams.dylib */; };
		EBFE5C141C9DA6F400E6DA0B /* libboost_locale-mt.dylib in Frameworks */ = {isa = PBXBuildFile; fileRef = EBFE5B9F1C9DA6F400E6DA0B /* libboost_locale-mt.dylib */; };
		EBFE5C161C9DA6F400E6DA0B /* libboost_log_setup-mt.dylib in Frameworks */ = {isa = PBXBuildFile; fileRef = EBFE5BA11C9DA6F400E6DA0B /* libboost_log_setup-mt.dylib */; };
		EBFE5C181C9DA6F400E6DA0B /* libboost_log_setup.dylib in Frameworks */ = {isa = PBXBuildFile; fileRef = EBFE5BA31C9DA6F400E6DA0B /* libboost_log_setup.dylib */; };
		EBFE5C1A1C9DA6F400E6DA0B /* libboost_log-mt.dylib in Frameworks */ = {isa = PBXBuildFile; fileRef = EBFE5BA51C9DA6F400E6DA0B /* libboost_log-mt.dylib */; };
		EBFE5C1C1C9DA6F400E6DA0B /* libboost_log.dylib in Frameworks */ = {isa = PBXBuildFile; fileRef = EBFE5BA71C9DA6F400E6DA0B /* libboost_log.dylib */; };
		EBFE5C1E1C9DA6F400E6DA0B /* libboost_math_c99-mt.dylib in Frameworks */ = {isa = PBXBuildFile; fileRef = EBFE5BA91C9DA6F400E6DA0B /* libboost_math_c99-mt.dylib */; };
		EBFE5C201C9DA6F400E6DA0B /* libboost_math_c99.dylib in Frameworks */ = {isa = PBXBuildFile; fileRef = EBFE5BAB1C9DA6F400E6DA0B /* libboost_math_c99.dylib */; };
		EBFE5C221C9DA6F400E6DA0B /* libboost_math_c99f-mt.dylib in Frameworks */ = {isa = PBXBuildFile; fileRef = EBFE5BAD1C9DA6F400E6DA0B /* libboost_math_c99f-mt.dylib */; };
		EBFE5C241C9DA6F400E6DA0B /* libboost_math_c99f.dylib in Frameworks */ = {isa = PBXBuildFile; fileRef = EBFE5BAF1C9DA6F400E6DA0B /* libboost_math_c99f.dylib */; };
		EBFE5C261C9DA6F400E6DA0B /* libboost_math_c99l-mt.dylib in Frameworks */ = {isa = PBXBuildFile; fileRef = EBFE5BB11C9DA6F400E6DA0B /* libboost_math_c99l-mt.dylib */; };
		EBFE5C281C9DA6F400E6DA0B /* libboost_math_c99l.dylib in Frameworks */ = {isa = PBXBuildFile; fileRef = EBFE5BB31C9DA6F400E6DA0B /* libboost_math_c99l.dylib */; };
		EBFE5C2A1C9DA6F400E6DA0B /* libboost_math_tr1-mt.dylib in Frameworks */ = {isa = PBXBuildFile; fileRef = EBFE5BB51C9DA6F400E6DA0B /* libboost_math_tr1-mt.dylib */; };
		EBFE5C2C1C9DA6F400E6DA0B /* libboost_math_tr1.dylib in Frameworks */ = {isa = PBXBuildFile; fileRef = EBFE5BB71C9DA6F400E6DA0B /* libboost_math_tr1.dylib */; };
		EBFE5C2E1C9DA6F400E6DA0B /* libboost_math_tr1f-mt.dylib in Frameworks */ = {isa = PBXBuildFile; fileRef = EBFE5BB91C9DA6F400E6DA0B /* libboost_math_tr1f-mt.dylib */; };
		EBFE5C301C9DA6F400E6DA0B /* libboost_math_tr1f.dylib in Frameworks */ = {isa = PBXBuildFile; fileRef = EBFE5BBB1C9DA6F400E6DA0B /* libboost_math_tr1f.dylib */; };
		EBFE5C321C9DA6F400E6DA0B /* libboost_math_tr1l-mt.dylib in Frameworks */ = {isa = PBXBuildFile; fileRef = EBFE5BBD1C9DA6F400E6DA0B /* libboost_math_tr1l-mt.dylib */; };
		EBFE5C341C9DA6F400E6DA0B /* libboost_math_tr1l.dylib in Frameworks */ = {isa = PBXBuildFile; fileRef = EBFE5BBF1C9DA6F400E6DA0B /* libboost_math_tr1l.dylib */; };
		EBFE5C361C9DA6F400E6DA0B /* libboost_prg_exec_monitor-mt.dylib in Frameworks */ = {isa = PBXBuildFile; fileRef = EBFE5BC11C9DA6F400E6DA0B /* libboost_prg_exec_monitor-mt.dylib */; };
		EBFE5C381C9DA6F400E6DA0B /* libboost_prg_exec_monitor.dylib in Frameworks */ = {isa = PBXBuildFile; fileRef = EBFE5BC31C9DA6F400E6DA0B /* libboost_prg_exec_monitor.dylib */; };
		EBFE5C3A1C9DA6F400E6DA0B /* libboost_program_options-mt.dylib in Frameworks */ = {isa = PBXBuildFile; fileRef = EBFE5BC51C9DA6F400E6DA0B /* libboost_program_options-mt.dylib */; };
		EBFE5C3C1C9DA6F400E6DA0B /* libboost_program_options.dylib in Frameworks */ = {isa = PBXBuildFile; fileRef = EBFE5BC71C9DA6F400E6DA0B /* libboost_program_options.dylib */; };
		EBFE5C3E1C9DA6F400E6DA0B /* libboost_random-mt.dylib in Frameworks */ = {isa = PBXBuildFile; fileRef = EBFE5BC91C9DA6F400E6DA0B /* libboost_random-mt.dylib */; };
		EBFE5C401C9DA6F400E6DA0B /* libboost_random.dylib in Frameworks */ = {isa = PBXBuildFile; fileRef = EBFE5BCB1C9DA6F400E6DA0B /* libboost_random.dylib */; };
		EBFE5C421C9DA6F400E6DA0B /* libboost_regex-mt.dylib in Frameworks */ = {isa = PBXBuildFile; fileRef = EBFE5BCD1C9DA6F400E6DA0B /* libboost_regex-mt.dylib */; };
		EBFE5C441C9DA6F400E6DA0B /* libboost_regex.dylib in Frameworks */ = {isa = PBXBuildFile; fileRef = EBFE5BCF1C9DA6F400E6DA0B /* libboost_regex.dylib */; };
		EBFE5C461C9DA6F400E6DA0B /* libboost_serialization-mt.dylib in Frameworks */ = {isa = PBXBuildFile; fileRef = EBFE5BD11C9DA6F400E6DA0B /* libboost_serialization-mt.dylib */; };
		EBFE5C481C9DA6F400E6DA0B /* libboost_serialization.dylib in Frameworks */ = {isa = PBXBuildFile; fileRef = EBFE5BD31C9DA6F400E6DA0B /* libboost_serialization.dylib */; };
		EBFE5C4A1C9DA6F400E6DA0B /* libboost_signals-mt.dylib in Frameworks */ = {isa = PBXBuildFile; fileRef = EBFE5BD51C9DA6F400E6DA0B /* libboost_signals-mt.dylib */; };
		EBFE5C4C1C9DA6F400E6DA0B /* libboost_signals.dylib in Frameworks */ = {isa = PBXBuildFile; fileRef = EBFE5BD71C9DA6F400E6DA0B /* libboost_signals.dylib */; };
		EBFE5C4E1C9DA6F400E6DA0B /* libboost_system-mt.dylib in Frameworks */ = {isa = PBXBuildFile; fileRef = EBFE5BD91C9DA6F400E6DA0B /* libboost_system-mt.dylib */; };
		EBFE5C501C9DA6F400E6DA0B /* libboost_system.dylib in Frameworks */ = {isa = PBXBuildFile; fileRef = EBFE5BDB1C9DA6F400E6DA0B /* libboost_system.dylib */; };
		EBFE5C551C9DA6F400E6DA0B /* libboost_timer-mt.dylib in Frameworks */ = {isa = PBXBuildFile; fileRef = EBFE5BE01C9DA6F400E6DA0B /* libboost_timer-mt.dylib */; };
		EBFE5C571C9DA6F400E6DA0B /* libboost_timer.dylib in Frameworks */ = {isa = PBXBuildFile; fileRef = EBFE5BE21C9DA6F400E6DA0B /* libboost_timer.dylib */; };
		EBFE5C591C9DA6F400E6DA0B /* libboost_type_erasure-mt.dylib in Frameworks */ = {isa = PBXBuildFile; fileRef = EBFE5BE41C9DA6F400E6DA0B /* libboost_type_erasure-mt.dylib */; };
		EBFE5C5B1C9DA6F400E6DA0B /* libboost_type_erasure.dylib in Frameworks */ = {isa = PBXBuildFile; fileRef = EBFE5BE61C9DA6F400E6DA0B /* libboost_type_erasure.dylib */; };
		EBFE5C5D1C9DA6F400E6DA0B /* libboost_unit_test_framework-mt.dylib in Frameworks */ = {isa = PBXBuildFile; fileRef = EBFE5BE81C9DA6F400E6DA0B /* libboost_unit_test_framework-mt.dylib */; };
		EBFE5C5F1C9DA6F400E6DA0B /* libboost_unit_test_framework.dylib in Frameworks */ = {isa = PBXBuildFile; fileRef = EBFE5BEA1C9DA6F400E6DA0B /* libboost_unit_test_framework.dylib */; };
		EBFE5C611C9DA6F400E6DA0B /* libboost_wave-mt.dylib in Frameworks */ = {isa = PBXBuildFile; fileRef = EBFE5BEC1C9DA6F400E6DA0B /* libboost_wave-mt.dylib */; };
		EBFE5C631C9DA6F400E6DA0B /* libboost_wserialization-mt.dylib in Frameworks */ = {isa = PBXBuildFile; fileRef = EBFE5BEE1C9DA6F400E6DA0B /* libboost_wserialization-mt.dylib */; };
		EBFE5C651C9DA6F400E6DA0B /* libboost_wserialization.dylib in Frameworks */ = {isa = PBXBuildFile; fileRef = EBFE5BF01C9DA6F400E6DA0B /* libboost_wserialization.dylib */; };
		EBFE5CD91C9DB09100E6DA0B /* InputBuffer.cpp in Sources */ = {isa = PBXBuildFile; fileRef = EBFE5CD71C9DB09100E6DA0B /* InputBuffer.cpp */; };
		EBFE5CDC1C9DB16700E6DA0B /* Config.cpp in Sources */ = {isa = PBXBuildFile; fileRef = EBFE5CDA1C9DB16700E6DA0B /* Config.cpp */; };
		EBFE5E901C9E830100E6DA0B /* Constant.cpp in Sources */ = {isa = PBXBuildFile; fileRef = EBFE5E8F1C9E830100E6DA0B /* Constant.cpp */; };
		EBFE5E951C9E93E700E6DA0B /* FrameState.cpp in Sources */ = {isa = PBXBuildFile; fileRef = EBFE5E931C9E93E700E6DA0B /* FrameState.cpp */; };
/* End PBXBuildFile section */

/* Begin PBXCopyFilesBuildPhase section */
		EBFE5B611C9D9FD300E6DA0B /* CopyFiles */ = {
			isa = PBXCopyFilesBuildPhase;
			buildActionMask = 8;
			dstPath = usr/share/man/man1;
			dstSubfolderSpec = 7;
			files = (
			);
			runOnlyForDeploymentPostprocessing = 1;
		};
/* End PBXCopyFilesBuildPhase section */

/* Begin PBXFileReference section */
		68424086D3C909E0A07B35B2 /* Initializer.h */ = {isa = PBXFileReference; fileEncoding = 4; lastKnownFileType = sourcecode.c.h; path = Initializer.h; sourceTree = "<group>"; };
		6842423AD08F2330271E2F9B /* Optimizer.hpp */ = {isa = PBXFileReference; fileEncoding = 4; lastKnownFileType = sourcecode.cpp.h; path = Optimizer.hpp; sourceTree = "<group>"; };
		6842425E5A570EC4275AD92A /* vslam_config_09.xml */ = {isa = PBXFileReference; fileEncoding = 4; lastKnownFileType = text.xml; path = vslam_config_09.xml; sourceTree = "<group>"; };
		684242E68BAF5C4D3A113229 /* vslam_config.xml */ = {isa = PBXFileReference; fileEncoding = 4; lastKnownFileType = text.xml; path = vslam_config.xml; sourceTree = "<group>"; };
		68424327287BB2C020822879 /* GLWindow.hpp */ = {isa = PBXFileReference; fileEncoding = 4; lastKnownFileType = sourcecode.cpp.h; path = GLWindow.hpp; sourceTree = "<group>"; };
		68424359A74CDA8313469CCC /* vslam_config_07.xml */ = {isa = PBXFileReference; fileEncoding = 4; lastKnownFileType = text.xml; path = vslam_config_07.xml; sourceTree = "<group>"; };
		6842436352005E2720FD4CFD /* ORBmatcher.cc */ = {isa = PBXFileReference; fileEncoding = 4; lastKnownFileType = sourcecode.cpp.cpp; path = ORBmatcher.cc; sourceTree = "<group>"; };
		68424467DD87F16F6CF96645 /* TemplatedVocabulary.h */ = {isa = PBXFileReference; fileEncoding = 4; lastKnownFileType = sourcecode.c.h; path = TemplatedVocabulary.h; sourceTree = "<group>"; };
		6842448CAB6464C237ED57EC /* Initializer.cc */ = {isa = PBXFileReference; fileEncoding = 4; lastKnownFileType = sourcecode.cpp.cpp; path = Initializer.cc; sourceTree = "<group>"; };
		684244CAD6D08898B6209094 /* ORBextractor.h */ = {isa = PBXFileReference; fileEncoding = 4; lastKnownFileType = sourcecode.c.h; path = ORBextractor.h; sourceTree = "<group>"; };
		6842451951300DE381D10052 /* vslam_config_05.xml */ = {isa = PBXFileReference; fileEncoding = 4; lastKnownFileType = text.xml; path = vslam_config_05.xml; sourceTree = "<group>"; };
		6842464FDC073CEEE8B7FF13 /* Optimizer.cpp */ = {isa = PBXFileReference; fileEncoding = 4; lastKnownFileType = sourcecode.cpp.cpp; path = Optimizer.cpp; sourceTree = "<group>"; };
		684246AC35F9293964205A49 /* MapPoint.hpp */ = {isa = PBXFileReference; fileEncoding = 4; lastKnownFileType = sourcecode.cpp.h; path = MapPoint.hpp; sourceTree = "<group>"; };
		684246C0ADD12E1DC4FECEC2 /* MapPoint.cpp */ = {isa = PBXFileReference; fileEncoding = 4; lastKnownFileType = sourcecode.cpp.cpp; path = MapPoint.cpp; sourceTree = "<group>"; };
		684247F1994032F5A8E342A6 /* ORBmatcher.h */ = {isa = PBXFileReference; fileEncoding = 4; lastKnownFileType = sourcecode.c.h; path = ORBmatcher.h; sourceTree = "<group>"; };
		68424A2E1DF0FAAAB3C566EA /* vslam_config_04.xml */ = {isa = PBXFileReference; fileEncoding = 4; lastKnownFileType = text.xml; path = vslam_config_04.xml; sourceTree = "<group>"; };
		68424A4228369C28A681D4E8 /* GLWindow.cpp */ = {isa = PBXFileReference; fileEncoding = 4; lastKnownFileType = sourcecode.cpp.cpp; path = GLWindow.cpp; sourceTree = "<group>"; };
		68424AD6B666DAA47A38A761 /* Map.hpp */ = {isa = PBXFileReference; fileEncoding = 4; lastKnownFileType = sourcecode.cpp.h; path = Map.hpp; sourceTree = "<group>"; };
		68424B39E73E39D432BD5342 /* vslam_config_03.xml */ = {isa = PBXFileReference; fileEncoding = 4; lastKnownFileType = text.xml; path = vslam_config_03.xml; sourceTree = "<group>"; };
		68424BCBCC9C77B25984FCC0 /* Map.cpp */ = {isa = PBXFileReference; fileEncoding = 4; lastKnownFileType = sourcecode.cpp.cpp; path = Map.cpp; sourceTree = "<group>"; };
		68424FD80CEAC66F210301CD /* ORBextractor.cc */ = {isa = PBXFileReference; fileEncoding = 4; lastKnownFileType = sourcecode.cpp.cpp; path = ORBextractor.cc; sourceTree = "<group>"; };
		EB0FDAA91CC2687F00A2E303 /* libg2o_types_sim3.dylib */ = {isa = PBXFileReference; lastKnownFileType = "compiled.mach-o.dylib"; name = libg2o_types_sim3.dylib; path = "/usr/local/lib/g2o-non/libg2o_types_sim3.dylib"; sourceTree = "<absolute>"; };
		EB0FDAAA1CC2687F00A2E303 /* libg2o_solver_dense.dylib */ = {isa = PBXFileReference; lastKnownFileType = "compiled.mach-o.dylib"; name = libg2o_solver_dense.dylib; path = "/usr/local/lib/g2o-non/libg2o_solver_dense.dylib"; sourceTree = "<absolute>"; };
		EB0FDAAB1CC2687F00A2E303 /* libg2o_solver_structure_only.dylib */ = {isa = PBXFileReference; lastKnownFileType = "compiled.mach-o.dylib"; name = libg2o_solver_structure_only.dylib; path = "/usr/local/lib/g2o-non/libg2o_solver_structure_only.dylib"; sourceTree = "<absolute>"; };
		EB0FDAAD1CC2687F00A2E303 /* libg2o_types_sclam2d.dylib */ = {isa = PBXFileReference; lastKnownFileType = "compiled.mach-o.dylib"; name = libg2o_types_sclam2d.dylib; path = "/usr/local/lib/g2o-non/libg2o_types_sclam2d.dylib"; sourceTree = "<absolute>"; };
		EB0FDAAE1CC2687F00A2E303 /* libg2o_types_icp.dylib */ = {isa = PBXFileReference; lastKnownFileType = "compiled.mach-o.dylib"; name = libg2o_types_icp.dylib; path = "/usr/local/lib/g2o-non/libg2o_types_icp.dylib"; sourceTree = "<absolute>"; };
		EB0FDAAF1CC2687F00A2E303 /* libg2o_types_slam2d_addons.dylib */ = {isa = PBXFileReference; lastKnownFileType = "compiled.mach-o.dylib"; name = libg2o_types_slam2d_addons.dylib; path = "/usr/local/lib/g2o-non/libg2o_types_slam2d_addons.dylib"; sourceTree = "<absolute>"; };
		EB0FDAB01CC2687F00A2E303 /* libg2o_types_sba.dylib */ = {isa = PBXFileReference; lastKnownFileType = "compiled.mach-o.dylib"; name = libg2o_types_sba.dylib; path = "/usr/local/lib/g2o-non/libg2o_types_sba.dylib"; sourceTree = "<absolute>"; };
		EB0FDAB11CC2687F00A2E303 /* libg2o_types_slam3d_addons.dylib */ = {isa = PBXFileReference; lastKnownFileType = "compiled.mach-o.dylib"; name = libg2o_types_slam3d_addons.dylib; path = "/usr/local/lib/g2o-non/libg2o_types_slam3d_addons.dylib"; sourceTree = "<absolute>"; };
		EB0FDAB21CC2687F00A2E303 /* libg2o_solver_pcg.dylib */ = {isa = PBXFileReference; lastKnownFileType = "compiled.mach-o.dylib"; name = libg2o_solver_pcg.dylib; path = "/usr/local/lib/g2o-non/libg2o_solver_pcg.dylib"; sourceTree = "<absolute>"; };
		EB0FDAB31CC2687F00A2E303 /* libg2o_types_data.dylib */ = {isa = PBXFileReference; lastKnownFileType = "compiled.mach-o.dylib"; name = libg2o_types_data.dylib; path = "/usr/local/lib/g2o-non/libg2o_types_data.dylib"; sourceTree = "<absolute>"; };
		EB0FDAB41CC2687F00A2E303 /* libg2o_solver_slam2d_linear.dylib */ = {isa = PBXFileReference; lastKnownFileType = "compiled.mach-o.dylib"; name = libg2o_solver_slam2d_linear.dylib; path = "/usr/local/lib/g2o-non/libg2o_solver_slam2d_linear.dylib"; sourceTree = "<absolute>"; };
		EB0FDAB51CC2687F00A2E303 /* libg2o_types_slam3d.dylib */ = {isa = PBXFileReference; lastKnownFileType = "compiled.mach-o.dylib"; name = libg2o_types_slam3d.dylib; path = "/usr/local/lib/g2o-non/libg2o_types_slam3d.dylib"; sourceTree = "<absolute>"; };
		EB0FDAB71CC2687F00A2E303 /* libg2o_types_slam2d.dylib */ = {isa = PBXFileReference; lastKnownFileType = "compiled.mach-o.dylib"; name = libg2o_types_slam2d.dylib; path = "/usr/local/lib/g2o-non/libg2o_types_slam2d.dylib"; sourceTree = "<absolute>"; };
		EB0FDAB81CC2687F00A2E303 /* libg2o_solver_csparse.dylib */ = {isa = PBXFileReference; lastKnownFileType = "compiled.mach-o.dylib"; name = libg2o_solver_csparse.dylib; path = "/usr/local/lib/g2o-non/libg2o_solver_csparse.dylib"; sourceTree = "<absolute>"; };
		EB0FDAB91CC2687F00A2E303 /* libg2o_solver_eigen.dylib */ = {isa = PBXFileReference; lastKnownFileType = "compiled.mach-o.dylib"; name = libg2o_solver_eigen.dylib; path = "/usr/local/lib/g2o-non/libg2o_solver_eigen.dylib"; sourceTree = "<absolute>"; };
		EB0FDABA1CC2687F00A2E303 /* libg2o_core.dylib */ = {isa = PBXFileReference; lastKnownFileType = "compiled.mach-o.dylib"; name = libg2o_core.dylib; path = "/usr/local/lib/g2o-non/libg2o_core.dylib"; sourceTree = "<absolute>"; };
		EB0FDABB1CC2687F00A2E303 /* libg2o_csparse_extension.dylib */ = {isa = PBXFileReference; lastKnownFileType = "compiled.mach-o.dylib"; name = libg2o_csparse_extension.dylib; path = "/usr/local/lib/g2o-non/libg2o_csparse_extension.dylib"; sourceTree = "<absolute>"; };
		EB0FDABD1CC2687F00A2E303 /* libg2o_ext_csparse.dylib */ = {isa = PBXFileReference; lastKnownFileType = "compiled.mach-o.dylib"; name = libg2o_ext_csparse.dylib; path = "/usr/local/lib/g2o-non/libg2o_ext_csparse.dylib"; sourceTree = "<absolute>"; };
		EB0FDABE1CC2687F00A2E303 /* libg2o_stuff.dylib */ = {isa = PBXFileReference; lastKnownFileType = "compiled.mach-o.dylib"; name = libg2o_stuff.dylib; path = "/usr/local/lib/g2o-non/libg2o_stuff.dylib"; sourceTree = "<absolute>"; };
		EB0FDABF1CC2687F00A2E303 /* libg2o_ext_freeglut_minimal.dylib */ = {isa = PBXFileReference; lastKnownFileType = "compiled.mach-o.dylib"; name = libg2o_ext_freeglut_minimal.dylib; path = "/usr/local/lib/g2o-non/libg2o_ext_freeglut_minimal.dylib"; sourceTree = "<absolute>"; };
		EB0FDAC01CC2687F00A2E303 /* libg2o_opengl_helper.dylib */ = {isa = PBXFileReference; lastKnownFileType = "compiled.mach-o.dylib"; name = libg2o_opengl_helper.dylib; path = "/usr/local/lib/g2o-non/libg2o_opengl_helper.dylib"; sourceTree = "<absolute>"; };
		EB2CCF6F1CA24E0300170EEE /* libDBoW2.a */ = {isa = PBXFileReference; lastKnownFileType = archive.ar; name = libDBoW2.a; path = "../../../Library/Developer/Xcode/DerivedData/SLAM_ORB_Tracker-dwkscwtidfjkxdggobyagrolwzft/Build/Products/Debug/libDBoW2.a"; sourceTree = "<group>"; };
		EB301C501C9FF0E600F685EE /* FrameDrawer.cpp */ = {isa = PBXFileReference; fileEncoding = 4; lastKnownFileType = sourcecode.cpp.cpp; path = FrameDrawer.cpp; sourceTree = "<group>"; };
		EB301C531C9FF0F500F685EE /* MapDrawer.cpp */ = {isa = PBXFileReference; fileEncoding = 4; lastKnownFileType = sourcecode.cpp.cpp; path = MapDrawer.cpp; sourceTree = "<group>"; };
		EB301C561C9FF13700F685EE /* FrameDrawer.hpp */ = {isa = PBXFileReference; fileEncoding = 4; lastKnownFileType = sourcecode.cpp.h; path = FrameDrawer.hpp; sourceTree = "<group>"; };
		EB301C571C9FF13700F685EE /* KeyFrameState.hpp */ = {isa = PBXFileReference; fileEncoding = 4; lastKnownFileType = sourcecode.cpp.h; path = KeyFrameState.hpp; sourceTree = "<group>"; };
		EB301C581C9FF13700F685EE /* MapDrawer.hpp */ = {isa = PBXFileReference; fileEncoding = 4; lastKnownFileType = sourcecode.cpp.h; path = MapDrawer.hpp; sourceTree = "<group>"; };
		EB301C591CA0006400F685EE /* PoseState.cpp */ = {isa = PBXFileReference; fileEncoding = 4; lastKnownFileType = sourcecode.cpp.cpp; path = PoseState.cpp; sourceTree = "<group>"; };
		EB301C5C1CA0006E00F685EE /* MotionState.cpp */ = {isa = PBXFileReference; fileEncoding = 4; lastKnownFileType = sourcecode.cpp.cpp; path = MotionState.cpp; sourceTree = "<group>"; };
		EB301C5F1CA0008A00F685EE /* MotionState.hpp */ = {isa = PBXFileReference; fileEncoding = 4; lastKnownFileType = sourcecode.cpp.h; path = MotionState.hpp; sourceTree = "<group>"; };
		EB301C601CA0008A00F685EE /* PoseState.hpp */ = {isa = PBXFileReference; fileEncoding = 4; lastKnownFileType = sourcecode.cpp.h; path = PoseState.hpp; sourceTree = "<group>"; };
		EB301C611CA0208300F685EE /* Utils.cpp */ = {isa = PBXFileReference; fileEncoding = 4; lastKnownFileType = sourcecode.cpp.cpp; path = Utils.cpp; sourceTree = "<group>"; };
		EB301C641CA021E900F685EE /* Utils.hpp */ = {isa = PBXFileReference; fileEncoding = 4; lastKnownFileType = sourcecode.cpp.h; path = Utils.hpp; sourceTree = "<group>"; };
		EB361E1F1C9EAD8400883F14 /* BlockingQueue.hpp */ = {isa = PBXFileReference; fileEncoding = 4; lastKnownFileType = sourcecode.cpp.h; path = BlockingQueue.hpp; sourceTree = "<group>"; };
		EB361E201C9EC1C000883F14 /* Tracker.cpp */ = {isa = PBXFileReference; fileEncoding = 4; lastKnownFileType = sourcecode.cpp.cpp; path = Tracker.cpp; sourceTree = "<group>"; };
		EB361E231C9EC1EB00883F14 /* LocalMapper.cpp */ = {isa = PBXFileReference; fileEncoding = 4; lastKnownFileType = sourcecode.cpp.cpp; path = LocalMapper.cpp; sourceTree = "<group>"; };
		EB361E261C9EC1F500883F14 /* LoopCloser.cpp */ = {isa = PBXFileReference; fileEncoding = 4; lastKnownFileType = sourcecode.cpp.cpp; path = LoopCloser.cpp; sourceTree = "<group>"; };
		EB361E291C9EC21700883F14 /* LocalMapper.hpp */ = {isa = PBXFileReference; fileEncoding = 4; lastKnownFileType = sourcecode.cpp.h; path = LocalMapper.hpp; sourceTree = "<group>"; };
		EB361E2A1C9EC21800883F14 /* LoopCloser.hpp */ = {isa = PBXFileReference; fileEncoding = 4; lastKnownFileType = sourcecode.cpp.h; path = LoopCloser.hpp; sourceTree = "<group>"; };
		EB361E2B1C9EC21800883F14 /* Tracker.hpp */ = {isa = PBXFileReference; fileEncoding = 4; lastKnownFileType = sourcecode.cpp.h; path = Tracker.hpp; sourceTree = "<group>"; };
		EB361E2C1C9EC56200883F14 /* Vocabulary.cpp */ = {isa = PBXFileReference; fileEncoding = 4; lastKnownFileType = sourcecode.cpp.cpp; path = Vocabulary.cpp; sourceTree = "<group>"; };
		EB361E2F1C9EC58600883F14 /* Vocabulary.hpp */ = {isa = PBXFileReference; fileEncoding = 4; lastKnownFileType = sourcecode.cpp.h; path = Vocabulary.hpp; sourceTree = "<group>"; };
		EB361E901C9EE69E00883F14 /* KeyFrameState.cpp */ = {isa = PBXFileReference; fileEncoding = 4; lastKnownFileType = sourcecode.cpp.cpp; path = KeyFrameState.cpp; sourceTree = "<group>"; };
		EB98C3591CBF5C8E006110BA /* OpenGL.framework */ = {isa = PBXFileReference; lastKnownFileType = wrapper.framework; name = OpenGL.framework; path = System/Library/Frameworks/OpenGL.framework; sourceTree = SDKROOT; };
		EB98C35B1CBF5CD2006110BA /* libglut.3.dylib */ = {isa = PBXFileReference; lastKnownFileType = "compiled.mach-o.dylib"; name = libglut.3.dylib; path = /usr/local/Cellar/freeglut/2.8.1/lib/libglut.3.dylib; sourceTree = "<absolute>"; };
		EBAB8D901CA18B64009A0ED4 /* libopencv_calib3d.2.4.12.dylib */ = {isa = PBXFileReference; lastKnownFileType = "compiled.mach-o.dylib"; name = libopencv_calib3d.2.4.12.dylib; path = ../../../../../../../usr/local/Cellar/opencv/2.4.12/lib/libopencv_calib3d.2.4.12.dylib; sourceTree = "<group>"; };
		EBAB8D911CA18B64009A0ED4 /* libopencv_contrib.2.4.12.dylib */ = {isa = PBXFileReference; lastKnownFileType = "compiled.mach-o.dylib"; name = libopencv_contrib.2.4.12.dylib; path = ../../../../../../../usr/local/Cellar/opencv/2.4.12/lib/libopencv_contrib.2.4.12.dylib; sourceTree = "<group>"; };
		EBAB8D921CA18B64009A0ED4 /* libopencv_core.2.4.12.dylib */ = {isa = PBXFileReference; lastKnownFileType = "compiled.mach-o.dylib"; name = libopencv_core.2.4.12.dylib; path = ../../../../../../../usr/local/Cellar/opencv/2.4.12/lib/libopencv_core.2.4.12.dylib; sourceTree = "<group>"; };
		EBAB8D931CA18B64009A0ED4 /* libopencv_features2d.2.4.12.dylib */ = {isa = PBXFileReference; lastKnownFileType = "compiled.mach-o.dylib"; name = libopencv_features2d.2.4.12.dylib; path = ../../../../../../../usr/local/Cellar/opencv/2.4.12/lib/libopencv_features2d.2.4.12.dylib; sourceTree = "<group>"; };
		EBAB8D941CA18B64009A0ED4 /* libopencv_flann.2.4.12.dylib */ = {isa = PBXFileReference; lastKnownFileType = "compiled.mach-o.dylib"; name = libopencv_flann.2.4.12.dylib; path = ../../../../../../../usr/local/Cellar/opencv/2.4.12/lib/libopencv_flann.2.4.12.dylib; sourceTree = "<group>"; };
		EBAB8D951CA18B64009A0ED4 /* libopencv_gpu.2.4.12.dylib */ = {isa = PBXFileReference; lastKnownFileType = "compiled.mach-o.dylib"; name = libopencv_gpu.2.4.12.dylib; path = ../../../../../../../usr/local/Cellar/opencv/2.4.12/lib/libopencv_gpu.2.4.12.dylib; sourceTree = "<group>"; };
		EBAB8D961CA18B64009A0ED4 /* libopencv_highgui.2.4.12.dylib */ = {isa = PBXFileReference; lastKnownFileType = "compiled.mach-o.dylib"; name = libopencv_highgui.2.4.12.dylib; path = ../../../../../../../usr/local/Cellar/opencv/2.4.12/lib/libopencv_highgui.2.4.12.dylib; sourceTree = "<group>"; };
		EBAB8D971CA18B64009A0ED4 /* libopencv_imgproc.2.4.12.dylib */ = {isa = PBXFileReference; lastKnownFileType = "compiled.mach-o.dylib"; name = libopencv_imgproc.2.4.12.dylib; path = ../../../../../../../usr/local/Cellar/opencv/2.4.12/lib/libopencv_imgproc.2.4.12.dylib; sourceTree = "<group>"; };
		EBAB8D981CA18B64009A0ED4 /* libopencv_legacy.2.4.12.dylib */ = {isa = PBXFileReference; lastKnownFileType = "compiled.mach-o.dylib"; name = libopencv_legacy.2.4.12.dylib; path = ../../../../../../../usr/local/Cellar/opencv/2.4.12/lib/libopencv_legacy.2.4.12.dylib; sourceTree = "<group>"; };
		EBAB8D991CA18B64009A0ED4 /* libopencv_ml.2.4.12.dylib */ = {isa = PBXFileReference; lastKnownFileType = "compiled.mach-o.dylib"; name = libopencv_ml.2.4.12.dylib; path = ../../../../../../../usr/local/Cellar/opencv/2.4.12/lib/libopencv_ml.2.4.12.dylib; sourceTree = "<group>"; };
		EBAB8D9A1CA18B64009A0ED4 /* libopencv_nonfree.2.4.12.dylib */ = {isa = PBXFileReference; lastKnownFileType = "compiled.mach-o.dylib"; name = libopencv_nonfree.2.4.12.dylib; path = ../../../../../../../usr/local/Cellar/opencv/2.4.12/lib/libopencv_nonfree.2.4.12.dylib; sourceTree = "<group>"; };
		EBAB8D9B1CA18B64009A0ED4 /* libopencv_objdetect.2.4.12.dylib */ = {isa = PBXFileReference; lastKnownFileType = "compiled.mach-o.dylib"; name = libopencv_objdetect.2.4.12.dylib; path = ../../../../../../../usr/local/Cellar/opencv/2.4.12/lib/libopencv_objdetect.2.4.12.dylib; sourceTree = "<group>"; };
		EBAB8D9C1CA18B64009A0ED4 /* libopencv_ocl.2.4.12.dylib */ = {isa = PBXFileReference; lastKnownFileType = "compiled.mach-o.dylib"; name = libopencv_ocl.2.4.12.dylib; path = ../../../../../../../usr/local/Cellar/opencv/2.4.12/lib/libopencv_ocl.2.4.12.dylib; sourceTree = "<group>"; };
		EBAB8D9D1CA18B64009A0ED4 /* libopencv_photo.2.4.12.dylib */ = {isa = PBXFileReference; lastKnownFileType = "compiled.mach-o.dylib"; name = libopencv_photo.2.4.12.dylib; path = ../../../../../../../usr/local/Cellar/opencv/2.4.12/lib/libopencv_photo.2.4.12.dylib; sourceTree = "<group>"; };
		EBAB8D9E1CA18B64009A0ED4 /* libopencv_stitching.2.4.12.dylib */ = {isa = PBXFileReference; lastKnownFileType = "compiled.mach-o.dylib"; name = libopencv_stitching.2.4.12.dylib; path = ../../../../../../../usr/local/Cellar/opencv/2.4.12/lib/libopencv_stitching.2.4.12.dylib; sourceTree = "<group>"; };
		EBAB8D9F1CA18B64009A0ED4 /* libopencv_superres.2.4.12.dylib */ = {isa = PBXFileReference; lastKnownFileType = "compiled.mach-o.dylib"; name = libopencv_superres.2.4.12.dylib; path = ../../../../../../../usr/local/Cellar/opencv/2.4.12/lib/libopencv_superres.2.4.12.dylib; sourceTree = "<group>"; };
		EBAB8DA01CA18B64009A0ED4 /* libopencv_ts.a */ = {isa = PBXFileReference; lastKnownFileType = archive.ar; name = libopencv_ts.a; path = ../../../../../../../usr/local/Cellar/opencv/2.4.12/lib/libopencv_ts.a; sourceTree = "<group>"; };
		EBAB8DA11CA18B64009A0ED4 /* libopencv_video.2.4.12.dylib */ = {isa = PBXFileReference; lastKnownFileType = "compiled.mach-o.dylib"; name = libopencv_video.2.4.12.dylib; path = ../../../../../../../usr/local/Cellar/opencv/2.4.12/lib/libopencv_video.2.4.12.dylib; sourceTree = "<group>"; };
		EBAB8DA21CA18B64009A0ED4 /* libopencv_videostab.2.4.12.dylib */ = {isa = PBXFileReference; lastKnownFileType = "compiled.mach-o.dylib"; name = libopencv_videostab.2.4.12.dylib; path = ../../../../../../../usr/local/Cellar/opencv/2.4.12/lib/libopencv_videostab.2.4.12.dylib; sourceTree = "<group>"; };
		EBAB8DA31CA18B64009A0ED4 /* libopencv_viz.2.4.12.dylib */ = {isa = PBXFileReference; lastKnownFileType = "compiled.mach-o.dylib"; name = libopencv_viz.2.4.12.dylib; path = ../../../../../../../usr/local/Cellar/opencv/2.4.12/lib/libopencv_viz.2.4.12.dylib; sourceTree = "<group>"; };
		EBFE5B631C9D9FD300E6DA0B /* SLAM_ORB_Tracker */ = {isa = PBXFileReference; explicitFileType = "compiled.mach-o.executable"; includeInIndex = 0; path = SLAM_ORB_Tracker; sourceTree = BUILT_PRODUCTS_DIR; };
		EBFE5B731C9DA1F100E6DA0B /* MainProgram.cpp */ = {isa = PBXFileReference; fileEncoding = 4; lastKnownFileType = sourcecode.cpp.cpp; path = MainProgram.cpp; sourceTree = "<group>"; };
		EBFE5B751C9DA1F100E6DA0B /* stdafx.hpp */ = {isa = PBXFileReference; fileEncoding = 4; lastKnownFileType = sourcecode.cpp.h; path = stdafx.hpp; sourceTree = "<group>"; };
		EBFE5B771C9DA68600E6DA0B /* libboost_thread-mt.dylib */ = {isa = PBXFileReference; lastKnownFileType = "compiled.mach-o.dylib"; name = "libboost_thread-mt.dylib"; path = "/usr/local/Cellar/boost/1.60.0/lib/libboost_thread-mt.dylib"; sourceTree = "<absolute>"; };
		EBFE5B7D1C9DA6F400E6DA0B /* libboost_atomic-mt.dylib */ = {isa = PBXFileReference; lastKnownFileType = "compiled.mach-o.dylib"; name = "libboost_atomic-mt.dylib"; path = "/usr/local/Cellar/boost/1.60.0/lib/libboost_atomic-mt.dylib"; sourceTree = "<absolute>"; };
		EBFE5B7F1C9DA6F400E6DA0B /* libboost_chrono-mt.dylib */ = {isa = PBXFileReference; lastKnownFileType = "compiled.mach-o.dylib"; name = "libboost_chrono-mt.dylib"; path = "/usr/local/Cellar/boost/1.60.0/lib/libboost_chrono-mt.dylib"; sourceTree = "<absolute>"; };
		EBFE5B811C9DA6F400E6DA0B /* libboost_chrono.dylib */ = {isa = PBXFileReference; lastKnownFileType = "compiled.mach-o.dylib"; name = libboost_chrono.dylib; path = /usr/local/Cellar/boost/1.60.0/lib/libboost_chrono.dylib; sourceTree = "<absolute>"; };
		EBFE5B831C9DA6F400E6DA0B /* libboost_container-mt.dylib */ = {isa = PBXFileReference; lastKnownFileType = "compiled.mach-o.dylib"; name = "libboost_container-mt.dylib"; path = "/usr/local/Cellar/boost/1.60.0/lib/libboost_container-mt.dylib"; sourceTree = "<absolute>"; };
		EBFE5B851C9DA6F400E6DA0B /* libboost_container.dylib */ = {isa = PBXFileReference; lastKnownFileType = "compiled.mach-o.dylib"; name = libboost_container.dylib; path = /usr/local/Cellar/boost/1.60.0/lib/libboost_container.dylib; sourceTree = "<absolute>"; };
		EBFE5B871C9DA6F400E6DA0B /* libboost_context-mt.dylib */ = {isa = PBXFileReference; lastKnownFileType = "compiled.mach-o.dylib"; name = "libboost_context-mt.dylib"; path = "/usr/local/Cellar/boost/1.60.0/lib/libboost_context-mt.dylib"; sourceTree = "<absolute>"; };
		EBFE5B891C9DA6F400E6DA0B /* libboost_coroutine-mt.dylib */ = {isa = PBXFileReference; lastKnownFileType = "compiled.mach-o.dylib"; name = "libboost_coroutine-mt.dylib"; path = "/usr/local/Cellar/boost/1.60.0/lib/libboost_coroutine-mt.dylib"; sourceTree = "<absolute>"; };
		EBFE5B8B1C9DA6F400E6DA0B /* libboost_coroutine.dylib */ = {isa = PBXFileReference; lastKnownFileType = "compiled.mach-o.dylib"; name = libboost_coroutine.dylib; path = /usr/local/Cellar/boost/1.60.0/lib/libboost_coroutine.dylib; sourceTree = "<absolute>"; };
		EBFE5B8D1C9DA6F400E6DA0B /* libboost_date_time-mt.dylib */ = {isa = PBXFileReference; lastKnownFileType = "compiled.mach-o.dylib"; name = "libboost_date_time-mt.dylib"; path = "/usr/local/Cellar/boost/1.60.0/lib/libboost_date_time-mt.dylib"; sourceTree = "<absolute>"; };
		EBFE5B8F1C9DA6F400E6DA0B /* libboost_date_time.dylib */ = {isa = PBXFileReference; lastKnownFileType = "compiled.mach-o.dylib"; name = libboost_date_time.dylib; path = /usr/local/Cellar/boost/1.60.0/lib/libboost_date_time.dylib; sourceTree = "<absolute>"; };
		EBFE5B931C9DA6F400E6DA0B /* libboost_filesystem-mt.dylib */ = {isa = PBXFileReference; lastKnownFileType = "compiled.mach-o.dylib"; name = "libboost_filesystem-mt.dylib"; path = "/usr/local/Cellar/boost/1.60.0/lib/libboost_filesystem-mt.dylib"; sourceTree = "<absolute>"; };
		EBFE5B951C9DA6F400E6DA0B /* libboost_filesystem.dylib */ = {isa = PBXFileReference; lastKnownFileType = "compiled.mach-o.dylib"; name = libboost_filesystem.dylib; path = /usr/local/Cellar/boost/1.60.0/lib/libboost_filesystem.dylib; sourceTree = "<absolute>"; };
		EBFE5B971C9DA6F400E6DA0B /* libboost_graph-mt.dylib */ = {isa = PBXFileReference; lastKnownFileType = "compiled.mach-o.dylib"; name = "libboost_graph-mt.dylib"; path = "/usr/local/Cellar/boost/1.60.0/lib/libboost_graph-mt.dylib"; sourceTree = "<absolute>"; };
		EBFE5B991C9DA6F400E6DA0B /* libboost_graph.dylib */ = {isa = PBXFileReference; lastKnownFileType = "compiled.mach-o.dylib"; name = libboost_graph.dylib; path = /usr/local/Cellar/boost/1.60.0/lib/libboost_graph.dylib; sourceTree = "<absolute>"; };
		EBFE5B9B1C9DA6F400E6DA0B /* libboost_iostreams-mt.dylib */ = {isa = PBXFileReference; lastKnownFileType = "compiled.mach-o.dylib"; name = "libboost_iostreams-mt.dylib"; path = "/usr/local/Cellar/boost/1.60.0/lib/libboost_iostreams-mt.dylib"; sourceTree = "<absolute>"; };
		EBFE5B9D1C9DA6F400E6DA0B /* libboost_iostreams.dylib */ = {isa = PBXFileReference; lastKnownFileType = "compiled.mach-o.dylib"; name = libboost_iostreams.dylib; path = /usr/local/Cellar/boost/1.60.0/lib/libboost_iostreams.dylib; sourceTree = "<absolute>"; };
		EBFE5B9F1C9DA6F400E6DA0B /* libboost_locale-mt.dylib */ = {isa = PBXFileReference; lastKnownFileType = "compiled.mach-o.dylib"; name = "libboost_locale-mt.dylib"; path = "/usr/local/Cellar/boost/1.60.0/lib/libboost_locale-mt.dylib"; sourceTree = "<absolute>"; };
		EBFE5BA11C9DA6F400E6DA0B /* libboost_log_setup-mt.dylib */ = {isa = PBXFileReference; lastKnownFileType = "compiled.mach-o.dylib"; name = "libboost_log_setup-mt.dylib"; path = "/usr/local/Cellar/boost/1.60.0/lib/libboost_log_setup-mt.dylib"; sourceTree = "<absolute>"; };
		EBFE5BA31C9DA6F400E6DA0B /* libboost_log_setup.dylib */ = {isa = PBXFileReference; lastKnownFileType = "compiled.mach-o.dylib"; name = libboost_log_setup.dylib; path = /usr/local/Cellar/boost/1.60.0/lib/libboost_log_setup.dylib; sourceTree = "<absolute>"; };
		EBFE5BA51C9DA6F400E6DA0B /* libboost_log-mt.dylib */ = {isa = PBXFileReference; lastKnownFileType = "compiled.mach-o.dylib"; name = "libboost_log-mt.dylib"; path = "/usr/local/Cellar/boost/1.60.0/lib/libboost_log-mt.dylib"; sourceTree = "<absolute>"; };
		EBFE5BA71C9DA6F400E6DA0B /* libboost_log.dylib */ = {isa = PBXFileReference; lastKnownFileType = "compiled.mach-o.dylib"; name = libboost_log.dylib; path = /usr/local/Cellar/boost/1.60.0/lib/libboost_log.dylib; sourceTree = "<absolute>"; };
		EBFE5BA91C9DA6F400E6DA0B /* libboost_math_c99-mt.dylib */ = {isa = PBXFileReference; lastKnownFileType = "compiled.mach-o.dylib"; name = "libboost_math_c99-mt.dylib"; path = "/usr/local/Cellar/boost/1.60.0/lib/libboost_math_c99-mt.dylib"; sourceTree = "<absolute>"; };
		EBFE5BAB1C9DA6F400E6DA0B /* libboost_math_c99.dylib */ = {isa = PBXFileReference; lastKnownFileType = "compiled.mach-o.dylib"; name = libboost_math_c99.dylib; path = /usr/local/Cellar/boost/1.60.0/lib/libboost_math_c99.dylib; sourceTree = "<absolute>"; };
		EBFE5BAD1C9DA6F400E6DA0B /* libboost_math_c99f-mt.dylib */ = {isa = PBXFileReference; lastKnownFileType = "compiled.mach-o.dylib"; name = "libboost_math_c99f-mt.dylib"; path = "/usr/local/Cellar/boost/1.60.0/lib/libboost_math_c99f-mt.dylib"; sourceTree = "<absolute>"; };
		EBFE5BAF1C9DA6F400E6DA0B /* libboost_math_c99f.dylib */ = {isa = PBXFileReference; lastKnownFileType = "compiled.mach-o.dylib"; name = libboost_math_c99f.dylib; path = /usr/local/Cellar/boost/1.60.0/lib/libboost_math_c99f.dylib; sourceTree = "<absolute>"; };
		EBFE5BB11C9DA6F400E6DA0B /* libboost_math_c99l-mt.dylib */ = {isa = PBXFileReference; lastKnownFileType = "compiled.mach-o.dylib"; name = "libboost_math_c99l-mt.dylib"; path = "/usr/local/Cellar/boost/1.60.0/lib/libboost_math_c99l-mt.dylib"; sourceTree = "<absolute>"; };
		EBFE5BB31C9DA6F400E6DA0B /* libboost_math_c99l.dylib */ = {isa = PBXFileReference; lastKnownFileType = "compiled.mach-o.dylib"; name = libboost_math_c99l.dylib; path = /usr/local/Cellar/boost/1.60.0/lib/libboost_math_c99l.dylib; sourceTree = "<absolute>"; };
		EBFE5BB51C9DA6F400E6DA0B /* libboost_math_tr1-mt.dylib */ = {isa = PBXFileReference; lastKnownFileType = "compiled.mach-o.dylib"; name = "libboost_math_tr1-mt.dylib"; path = "/usr/local/Cellar/boost/1.60.0/lib/libboost_math_tr1-mt.dylib"; sourceTree = "<absolute>"; };
		EBFE5BB71C9DA6F400E6DA0B /* libboost_math_tr1.dylib */ = {isa = PBXFileReference; lastKnownFileType = "compiled.mach-o.dylib"; name = libboost_math_tr1.dylib; path = /usr/local/Cellar/boost/1.60.0/lib/libboost_math_tr1.dylib; sourceTree = "<absolute>"; };
		EBFE5BB91C9DA6F400E6DA0B /* libboost_math_tr1f-mt.dylib */ = {isa = PBXFileReference; lastKnownFileType = "compiled.mach-o.dylib"; name = "libboost_math_tr1f-mt.dylib"; path = "/usr/local/Cellar/boost/1.60.0/lib/libboost_math_tr1f-mt.dylib"; sourceTree = "<absolute>"; };
		EBFE5BBB1C9DA6F400E6DA0B /* libboost_math_tr1f.dylib */ = {isa = PBXFileReference; lastKnownFileType = "compiled.mach-o.dylib"; name = libboost_math_tr1f.dylib; path = /usr/local/Cellar/boost/1.60.0/lib/libboost_math_tr1f.dylib; sourceTree = "<absolute>"; };
		EBFE5BBD1C9DA6F400E6DA0B /* libboost_math_tr1l-mt.dylib */ = {isa = PBXFileReference; lastKnownFileType = "compiled.mach-o.dylib"; name = "libboost_math_tr1l-mt.dylib"; path = "/usr/local/Cellar/boost/1.60.0/lib/libboost_math_tr1l-mt.dylib"; sourceTree = "<absolute>"; };
		EBFE5BBF1C9DA6F400E6DA0B /* libboost_math_tr1l.dylib */ = {isa = PBXFileReference; lastKnownFileType = "compiled.mach-o.dylib"; name = libboost_math_tr1l.dylib; path = /usr/local/Cellar/boost/1.60.0/lib/libboost_math_tr1l.dylib; sourceTree = "<absolute>"; };
		EBFE5BC11C9DA6F400E6DA0B /* libboost_prg_exec_monitor-mt.dylib */ = {isa = PBXFileReference; lastKnownFileType = "compiled.mach-o.dylib"; name = "libboost_prg_exec_monitor-mt.dylib"; path = "/usr/local/Cellar/boost/1.60.0/lib/libboost_prg_exec_monitor-mt.dylib"; sourceTree = "<absolute>"; };
		EBFE5BC31C9DA6F400E6DA0B /* libboost_prg_exec_monitor.dylib */ = {isa = PBXFileReference; lastKnownFileType = "compiled.mach-o.dylib"; name = libboost_prg_exec_monitor.dylib; path = /usr/local/Cellar/boost/1.60.0/lib/libboost_prg_exec_monitor.dylib; sourceTree = "<absolute>"; };
		EBFE5BC51C9DA6F400E6DA0B /* libboost_program_options-mt.dylib */ = {isa = PBXFileReference; lastKnownFileType = "compiled.mach-o.dylib"; name = "libboost_program_options-mt.dylib"; path = "/usr/local/Cellar/boost/1.60.0/lib/libboost_program_options-mt.dylib"; sourceTree = "<absolute>"; };
		EBFE5BC71C9DA6F400E6DA0B /* libboost_program_options.dylib */ = {isa = PBXFileReference; lastKnownFileType = "compiled.mach-o.dylib"; name = libboost_program_options.dylib; path = /usr/local/Cellar/boost/1.60.0/lib/libboost_program_options.dylib; sourceTree = "<absolute>"; };
		EBFE5BC91C9DA6F400E6DA0B /* libboost_random-mt.dylib */ = {isa = PBXFileReference; lastKnownFileType = "compiled.mach-o.dylib"; name = "libboost_random-mt.dylib"; path = "/usr/local/Cellar/boost/1.60.0/lib/libboost_random-mt.dylib"; sourceTree = "<absolute>"; };
		EBFE5BCB1C9DA6F400E6DA0B /* libboost_random.dylib */ = {isa = PBXFileReference; lastKnownFileType = "compiled.mach-o.dylib"; name = libboost_random.dylib; path = /usr/local/Cellar/boost/1.60.0/lib/libboost_random.dylib; sourceTree = "<absolute>"; };
		EBFE5BCD1C9DA6F400E6DA0B /* libboost_regex-mt.dylib */ = {isa = PBXFileReference; lastKnownFileType = "compiled.mach-o.dylib"; name = "libboost_regex-mt.dylib"; path = "/usr/local/Cellar/boost/1.60.0/lib/libboost_regex-mt.dylib"; sourceTree = "<absolute>"; };
		EBFE5BCF1C9DA6F400E6DA0B /* libboost_regex.dylib */ = {isa = PBXFileReference; lastKnownFileType = "compiled.mach-o.dylib"; name = libboost_regex.dylib; path = /usr/local/Cellar/boost/1.60.0/lib/libboost_regex.dylib; sourceTree = "<absolute>"; };
		EBFE5BD11C9DA6F400E6DA0B /* libboost_serialization-mt.dylib */ = {isa = PBXFileReference; lastKnownFileType = "compiled.mach-o.dylib"; name = "libboost_serialization-mt.dylib"; path = "/usr/local/Cellar/boost/1.60.0/lib/libboost_serialization-mt.dylib"; sourceTree = "<absolute>"; };
		EBFE5BD31C9DA6F400E6DA0B /* libboost_serialization.dylib */ = {isa = PBXFileReference; lastKnownFileType = "compiled.mach-o.dylib"; name = libboost_serialization.dylib; path = /usr/local/Cellar/boost/1.60.0/lib/libboost_serialization.dylib; sourceTree = "<absolute>"; };
		EBFE5BD51C9DA6F400E6DA0B /* libboost_signals-mt.dylib */ = {isa = PBXFileReference; lastKnownFileType = "compiled.mach-o.dylib"; name = "libboost_signals-mt.dylib"; path = "/usr/local/Cellar/boost/1.60.0/lib/libboost_signals-mt.dylib"; sourceTree = "<absolute>"; };
		EBFE5BD71C9DA6F400E6DA0B /* libboost_signals.dylib */ = {isa = PBXFileReference; lastKnownFileType = "compiled.mach-o.dylib"; name = libboost_signals.dylib; path = /usr/local/Cellar/boost/1.60.0/lib/libboost_signals.dylib; sourceTree = "<absolute>"; };
		EBFE5BD91C9DA6F400E6DA0B /* libboost_system-mt.dylib */ = {isa = PBXFileReference; lastKnownFileType = "compiled.mach-o.dylib"; name = "libboost_system-mt.dylib"; path = "/usr/local/Cellar/boost/1.60.0/lib/libboost_system-mt.dylib"; sourceTree = "<absolute>"; };
		EBFE5BDB1C9DA6F400E6DA0B /* libboost_system.dylib */ = {isa = PBXFileReference; lastKnownFileType = "compiled.mach-o.dylib"; name = libboost_system.dylib; path = /usr/local/Cellar/boost/1.60.0/lib/libboost_system.dylib; sourceTree = "<absolute>"; };
		EBFE5BE01C9DA6F400E6DA0B /* libboost_timer-mt.dylib */ = {isa = PBXFileReference; lastKnownFileType = "compiled.mach-o.dylib"; name = "libboost_timer-mt.dylib"; path = "/usr/local/Cellar/boost/1.60.0/lib/libboost_timer-mt.dylib"; sourceTree = "<absolute>"; };
		EBFE5BE21C9DA6F400E6DA0B /* libboost_timer.dylib */ = {isa = PBXFileReference; lastKnownFileType = "compiled.mach-o.dylib"; name = libboost_timer.dylib; path = /usr/local/Cellar/boost/1.60.0/lib/libboost_timer.dylib; sourceTree = "<absolute>"; };
		EBFE5BE41C9DA6F400E6DA0B /* libboost_type_erasure-mt.dylib */ = {isa = PBXFileReference; lastKnownFileType = "compiled.mach-o.dylib"; name = "libboost_type_erasure-mt.dylib"; path = "/usr/local/Cellar/boost/1.60.0/lib/libboost_type_erasure-mt.dylib"; sourceTree = "<absolute>"; };
		EBFE5BE61C9DA6F400E6DA0B /* libboost_type_erasure.dylib */ = {isa = PBXFileReference; lastKnownFileType = "compiled.mach-o.dylib"; name = libboost_type_erasure.dylib; path = /usr/local/Cellar/boost/1.60.0/lib/libboost_type_erasure.dylib; sourceTree = "<absolute>"; };
		EBFE5BE81C9DA6F400E6DA0B /* libboost_unit_test_framework-mt.dylib */ = {isa = PBXFileReference; lastKnownFileType = "compiled.mach-o.dylib"; name = "libboost_unit_test_framework-mt.dylib"; path = "/usr/local/Cellar/boost/1.60.0/lib/libboost_unit_test_framework-mt.dylib"; sourceTree = "<absolute>"; };
		EBFE5BEA1C9DA6F400E6DA0B /* libboost_unit_test_framework.dylib */ = {isa = PBXFileReference; lastKnownFileType = "compiled.mach-o.dylib"; name = libboost_unit_test_framework.dylib; path = /usr/local/Cellar/boost/1.60.0/lib/libboost_unit_test_framework.dylib; sourceTree = "<absolute>"; };
		EBFE5BEC1C9DA6F400E6DA0B /* libboost_wave-mt.dylib */ = {isa = PBXFileReference; lastKnownFileType = "compiled.mach-o.dylib"; name = "libboost_wave-mt.dylib"; path = "/usr/local/Cellar/boost/1.60.0/lib/libboost_wave-mt.dylib"; sourceTree = "<absolute>"; };
		EBFE5BEE1C9DA6F400E6DA0B /* libboost_wserialization-mt.dylib */ = {isa = PBXFileReference; lastKnownFileType = "compiled.mach-o.dylib"; name = "libboost_wserialization-mt.dylib"; path = "/usr/local/Cellar/boost/1.60.0/lib/libboost_wserialization-mt.dylib"; sourceTree = "<absolute>"; };
		EBFE5BF01C9DA6F400E6DA0B /* libboost_wserialization.dylib */ = {isa = PBXFileReference; lastKnownFileType = "compiled.mach-o.dylib"; name = libboost_wserialization.dylib; path = /usr/local/Cellar/boost/1.60.0/lib/libboost_wserialization.dylib; sourceTree = "<absolute>"; };
		EBFE5CD71C9DB09100E6DA0B /* InputBuffer.cpp */ = {isa = PBXFileReference; fileEncoding = 4; lastKnownFileType = sourcecode.cpp.cpp; path = InputBuffer.cpp; sourceTree = "<group>"; };
		EBFE5CD81C9DB09100E6DA0B /* InputBuffer.hpp */ = {isa = PBXFileReference; fileEncoding = 4; lastKnownFileType = sourcecode.cpp.h; path = InputBuffer.hpp; sourceTree = "<group>"; };
		EBFE5CDA1C9DB16700E6DA0B /* Config.cpp */ = {isa = PBXFileReference; fileEncoding = 4; lastKnownFileType = sourcecode.cpp.cpp; path = Config.cpp; sourceTree = "<group>"; };
		EBFE5CDB1C9DB16700E6DA0B /* Config.hpp */ = {isa = PBXFileReference; fileEncoding = 4; lastKnownFileType = sourcecode.cpp.h; path = Config.hpp; sourceTree = "<group>"; };
		EBFE5E8F1C9E830100E6DA0B /* Constant.cpp */ = {isa = PBXFileReference; fileEncoding = 4; lastKnownFileType = sourcecode.cpp.cpp; path = Constant.cpp; sourceTree = "<group>"; };
		EBFE5E911C9E830D00E6DA0B /* Constant.hpp */ = {isa = PBXFileReference; fileEncoding = 4; lastKnownFileType = sourcecode.cpp.h; path = Constant.hpp; sourceTree = "<group>"; };
		EBFE5E931C9E93E700E6DA0B /* FrameState.cpp */ = {isa = PBXFileReference; fileEncoding = 4; lastKnownFileType = sourcecode.cpp.cpp; path = FrameState.cpp; sourceTree = "<group>"; };
		EBFE5E961C9E943200E6DA0B /* FrameState.hpp */ = {isa = PBXFileReference; fileEncoding = 4; lastKnownFileType = sourcecode.cpp.h; path = FrameState.hpp; sourceTree = "<group>"; };
/* End PBXFileReference section */

/* Begin PBXFrameworksBuildPhase section */
		EBFE5B601C9D9FD300E6DA0B /* Frameworks */ = {
			isa = PBXFrameworksBuildPhase;
			buildActionMask = 2147483647;
			files = (
				EB0FDAC21CC2687F00A2E303 /* libg2o_types_sim3.dylib in Frameworks */,
				EB0FDAC31CC2687F00A2E303 /* libg2o_solver_dense.dylib in Frameworks */,
				EB0FDAC41CC2687F00A2E303 /* libg2o_solver_structure_only.dylib in Frameworks */,
				EB0FDAC61CC2687F00A2E303 /* libg2o_types_sclam2d.dylib in Frameworks */,
				EB0FDAC71CC2687F00A2E303 /* libg2o_types_icp.dylib in Frameworks */,
				EB0FDAC81CC2687F00A2E303 /* libg2o_types_slam2d_addons.dylib in Frameworks */,
				EB0FDAC91CC2687F00A2E303 /* libg2o_types_sba.dylib in Frameworks */,
				EB0FDACA1CC2687F00A2E303 /* libg2o_types_slam3d_addons.dylib in Frameworks */,
				EB0FDACB1CC2687F00A2E303 /* libg2o_solver_pcg.dylib in Frameworks */,
				EB0FDACC1CC2687F00A2E303 /* libg2o_types_data.dylib in Frameworks */,
				EB0FDACD1CC2687F00A2E303 /* libg2o_solver_slam2d_linear.dylib in Frameworks */,
				EB0FDACE1CC2687F00A2E303 /* libg2o_types_slam3d.dylib in Frameworks */,
				EB0FDAD01CC2687F00A2E303 /* libg2o_types_slam2d.dylib in Frameworks */,
				EB0FDAD11CC2687F00A2E303 /* libg2o_solver_csparse.dylib in Frameworks */,
				EB0FDAD21CC2687F00A2E303 /* libg2o_solver_eigen.dylib in Frameworks */,
				EB0FDAD31CC2687F00A2E303 /* libg2o_core.dylib in Frameworks */,
				EB0FDAD41CC2687F00A2E303 /* libg2o_csparse_extension.dylib in Frameworks */,
				EB0FDAD61CC2687F00A2E303 /* libg2o_ext_csparse.dylib in Frameworks */,
				EB0FDAD71CC2687F00A2E303 /* libg2o_stuff.dylib in Frameworks */,
				EB0FDAD81CC2687F00A2E303 /* libg2o_ext_freeglut_minimal.dylib in Frameworks */,
				EB0FDAD91CC2687F00A2E303 /* libg2o_opengl_helper.dylib in Frameworks */,
				EB98C35C1CBF5CD2006110BA /* libglut.3.dylib in Frameworks */,
				EB98C35A1CBF5C8E006110BA /* OpenGL.framework in Frameworks */,
				EB2CCF701CA24E0300170EEE /* libDBoW2.a in Frameworks */,
				EBAB8DA71CA18B64009A0ED4 /* libopencv_features2d.2.4.12.dylib in Frameworks */,
				EBAB8DB11CA18B64009A0ED4 /* libopencv_photo.2.4.12.dylib in Frameworks */,
				EBAB8DAA1CA18B64009A0ED4 /* libopencv_highgui.2.4.12.dylib in Frameworks */,
				EBAB8DB31CA18B64009A0ED4 /* libopencv_superres.2.4.12.dylib in Frameworks */,
				EBFE5C461C9DA6F400E6DA0B /* libboost_serialization-mt.dylib in Frameworks */,
				EBFE5C2A1C9DA6F400E6DA0B /* libboost_math_tr1-mt.dylib in Frameworks */,
				EBFE5C321C9DA6F400E6DA0B /* libboost_math_tr1l-mt.dylib in Frameworks */,
				EBFE5C1A1C9DA6F400E6DA0B /* libboost_log-mt.dylib in Frameworks */,
				EBFE5C4E1C9DA6F400E6DA0B /* libboost_system-mt.dylib in Frameworks */,
				EBFE5C2C1C9DA6F400E6DA0B /* libboost_math_tr1.dylib in Frameworks */,
				EBAB8DA91CA18B64009A0ED4 /* libopencv_gpu.2.4.12.dylib in Frameworks */,
				EBAB8DA61CA18B64009A0ED4 /* libopencv_core.2.4.12.dylib in Frameworks */,
				EBFE5C5D1C9DA6F400E6DA0B /* libboost_unit_test_framework-mt.dylib in Frameworks */,
				EBFE5C551C9DA6F400E6DA0B /* libboost_timer-mt.dylib in Frameworks */,
				EBFE5C5F1C9DA6F400E6DA0B /* libboost_unit_test_framework.dylib in Frameworks */,
				EBFE5C181C9DA6F400E6DA0B /* libboost_log_setup.dylib in Frameworks */,
				EBAB8DA51CA18B64009A0ED4 /* libopencv_contrib.2.4.12.dylib in Frameworks */,
				EBFE5C651C9DA6F400E6DA0B /* libboost_wserialization.dylib in Frameworks */,
				EBFE5BF41C9DA6F400E6DA0B /* libboost_chrono-mt.dylib in Frameworks */,
				EBAB8DA41CA18B64009A0ED4 /* libopencv_calib3d.2.4.12.dylib in Frameworks */,
				EBFE5C2E1C9DA6F400E6DA0B /* libboost_math_tr1f-mt.dylib in Frameworks */,
				EBFE5C381C9DA6F400E6DA0B /* libboost_prg_exec_monitor.dylib in Frameworks */,
				EBAB8DB01CA18B64009A0ED4 /* libopencv_ocl.2.4.12.dylib in Frameworks */,
				EBFE5BFC1C9DA6F400E6DA0B /* libboost_context-mt.dylib in Frameworks */,
				EBFE5C141C9DA6F400E6DA0B /* libboost_locale-mt.dylib in Frameworks */,
				EBFE5B791C9DA68600E6DA0B /* libboost_thread-mt.dylib in Frameworks */,
				EBAB8DB61CA18B64009A0ED4 /* libopencv_videostab.2.4.12.dylib in Frameworks */,
				EBAB8DAF1CA18B64009A0ED4 /* libopencv_objdetect.2.4.12.dylib in Frameworks */,
				EBAB8DB51CA18B64009A0ED4 /* libopencv_video.2.4.12.dylib in Frameworks */,
				EBFE5BFA1C9DA6F400E6DA0B /* libboost_container.dylib in Frameworks */,
				EBAB8DAD1CA18B64009A0ED4 /* libopencv_ml.2.4.12.dylib in Frameworks */,
				EBFE5C421C9DA6F400E6DA0B /* libboost_regex-mt.dylib in Frameworks */,
				EBFE5C4C1C9DA6F400E6DA0B /* libboost_signals.dylib in Frameworks */,
				EBFE5C1C1C9DA6F400E6DA0B /* libboost_log.dylib in Frameworks */,
				EBFE5C0A1C9DA6F400E6DA0B /* libboost_filesystem.dylib in Frameworks */,
				EBFE5C121C9DA6F400E6DA0B /* libboost_iostreams.dylib in Frameworks */,
				EBFE5C611C9DA6F400E6DA0B /* libboost_wave-mt.dylib in Frameworks */,
				EBFE5C591C9DA6F400E6DA0B /* libboost_type_erasure-mt.dylib in Frameworks */,
				EBAB8DAB1CA18B64009A0ED4 /* libopencv_imgproc.2.4.12.dylib in Frameworks */,
				EBFE5BF61C9DA6F400E6DA0B /* libboost_chrono.dylib in Frameworks */,
				EBFE5C281C9DA6F400E6DA0B /* libboost_math_c99l.dylib in Frameworks */,
				EBFE5C1E1C9DA6F400E6DA0B /* libboost_math_c99-mt.dylib in Frameworks */,
				EBFE5C0C1C9DA6F400E6DA0B /* libboost_graph-mt.dylib in Frameworks */,
				EBFE5BF21C9DA6F400E6DA0B /* libboost_atomic-mt.dylib in Frameworks */,
				EBFE5C631C9DA6F400E6DA0B /* libboost_wserialization-mt.dylib in Frameworks */,
				EBFE5C341C9DA6F400E6DA0B /* libboost_math_tr1l.dylib in Frameworks */,
				EBFE5C261C9DA6F400E6DA0B /* libboost_math_c99l-mt.dylib in Frameworks */,
				EBFE5C401C9DA6F400E6DA0B /* libboost_random.dylib in Frameworks */,
				EBFE5C201C9DA6F400E6DA0B /* libboost_math_c99.dylib in Frameworks */,
				EBFE5C081C9DA6F400E6DA0B /* libboost_filesystem-mt.dylib in Frameworks */,
				EBFE5C301C9DA6F400E6DA0B /* libboost_math_tr1f.dylib in Frameworks */,
				EBFE5C101C9DA6F400E6DA0B /* libboost_iostreams-mt.dylib in Frameworks */,
				EBFE5C501C9DA6F400E6DA0B /* libboost_system.dylib in Frameworks */,
				EBAB8DB71CA18B64009A0ED4 /* libopencv_viz.2.4.12.dylib in Frameworks */,
				EBFE5C3A1C9DA6F400E6DA0B /* libboost_program_options-mt.dylib in Frameworks */,
				EBFE5C571C9DA6F400E6DA0B /* libboost_timer.dylib in Frameworks */,
				EBFE5C001C9DA6F400E6DA0B /* libboost_coroutine.dylib in Frameworks */,
				EBFE5C361C9DA6F400E6DA0B /* libboost_prg_exec_monitor-mt.dylib in Frameworks */,
				EBAB8DA81CA18B64009A0ED4 /* libopencv_flann.2.4.12.dylib in Frameworks */,
				EBFE5C0E1C9DA6F400E6DA0B /* libboost_graph.dylib in Frameworks */,
				EBAB8DB21CA18B64009A0ED4 /* libopencv_stitching.2.4.12.dylib in Frameworks */,
				EBFE5C161C9DA6F400E6DA0B /* libboost_log_setup-mt.dylib in Frameworks */,
				EBFE5C221C9DA6F400E6DA0B /* libboost_math_c99f-mt.dylib in Frameworks */,
				EBFE5C3C1C9DA6F400E6DA0B /* libboost_program_options.dylib in Frameworks */,
				EBFE5C5B1C9DA6F400E6DA0B /* libboost_type_erasure.dylib in Frameworks */,
				EBAB8DAE1CA18B64009A0ED4 /* libopencv_nonfree.2.4.12.dylib in Frameworks */,
				EBFE5C481C9DA6F400E6DA0B /* libboost_serialization.dylib in Frameworks */,
				EBFE5C4A1C9DA6F400E6DA0B /* libboost_signals-mt.dylib in Frameworks */,
				EBAB8DAC1CA18B64009A0ED4 /* libopencv_legacy.2.4.12.dylib in Frameworks */,
				EBFE5C3E1C9DA6F400E6DA0B /* libboost_random-mt.dylib in Frameworks */,
				EBFE5BFE1C9DA6F400E6DA0B /* libboost_coroutine-mt.dylib in Frameworks */,
				EBFE5C041C9DA6F400E6DA0B /* libboost_date_time.dylib in Frameworks */,
				EBFE5C441C9DA6F400E6DA0B /* libboost_regex.dylib in Frameworks */,
				EBFE5BF81C9DA6F400E6DA0B /* libboost_container-mt.dylib in Frameworks */,
				EBFE5C021C9DA6F400E6DA0B /* libboost_date_time-mt.dylib in Frameworks */,
				EBFE5C241C9DA6F400E6DA0B /* libboost_math_c99f.dylib in Frameworks */,
			);
			runOnlyForDeploymentPostprocessing = 0;
		};
/* End PBXFrameworksBuildPhase section */

/* Begin PBXGroup section */
		6842428C6B20D4C615A53195 /* DBoW2 */ = {
			isa = PBXGroup;
			children = (
				68424743C7EF7651CBCC1EAD /* DBoW2 */,
			);
			path = DBoW2;
			sourceTree = "<group>";
		};
		684244D85D9D30B26C844984 /* third */ = {
			isa = PBXGroup;
			children = (
				6842484DFAAA9C4E4A78646B /* ORB */,
				6842428C6B20D4C615A53195 /* DBoW2 */,
			);
			path = third;
			sourceTree = "<group>";
		};
		68424743C7EF7651CBCC1EAD /* DBoW2 */ = {
			isa = PBXGroup;
			children = (
				68424467DD87F16F6CF96645 /* TemplatedVocabulary.h */,
			);
			path = DBoW2;
			sourceTree = "<group>";
		};
		6842484DFAAA9C4E4A78646B /* ORB */ = {
			isa = PBXGroup;
			children = (
				6842448CAB6464C237ED57EC /* Initializer.cc */,
				68424086D3C909E0A07B35B2 /* Initializer.h */,
				6842436352005E2720FD4CFD /* ORBmatcher.cc */,
				684247F1994032F5A8E342A6 /* ORBmatcher.h */,
				68424FD80CEAC66F210301CD /* ORBextractor.cc */,
				684244CAD6D08898B6209094 /* ORBextractor.h */,
				6842464FDC073CEEE8B7FF13 /* Optimizer.cpp */,
				6842423AD08F2330271E2F9B /* Optimizer.hpp */,
			);
			path = ORB;
			sourceTree = "<group>";
		};
		EB301C1D1C9F946B00F685EE /* g2o */ = {
			isa = PBXGroup;
			children = (
				EB0FDAA91CC2687F00A2E303 /* libg2o_types_sim3.dylib */,
				EB0FDAAA1CC2687F00A2E303 /* libg2o_solver_dense.dylib */,
				EB0FDAAB1CC2687F00A2E303 /* libg2o_solver_structure_only.dylib */,
				EB0FDAAD1CC2687F00A2E303 /* libg2o_types_sclam2d.dylib */,
				EB0FDAAE1CC2687F00A2E303 /* libg2o_types_icp.dylib */,
				EB0FDAAF1CC2687F00A2E303 /* libg2o_types_slam2d_addons.dylib */,
				EB0FDAB01CC2687F00A2E303 /* libg2o_types_sba.dylib */,
				EB0FDAB11CC2687F00A2E303 /* libg2o_types_slam3d_addons.dylib */,
				EB0FDAB21CC2687F00A2E303 /* libg2o_solver_pcg.dylib */,
				EB0FDAB31CC2687F00A2E303 /* libg2o_types_data.dylib */,
				EB0FDAB41CC2687F00A2E303 /* libg2o_solver_slam2d_linear.dylib */,
				EB0FDAB51CC2687F00A2E303 /* libg2o_types_slam3d.dylib */,
				EB0FDAB71CC2687F00A2E303 /* libg2o_types_slam2d.dylib */,
				EB0FDAB81CC2687F00A2E303 /* libg2o_solver_csparse.dylib */,
				EB0FDAB91CC2687F00A2E303 /* libg2o_solver_eigen.dylib */,
				EB0FDABA1CC2687F00A2E303 /* libg2o_core.dylib */,
				EB0FDABB1CC2687F00A2E303 /* libg2o_csparse_extension.dylib */,
				EB0FDABD1CC2687F00A2E303 /* libg2o_ext_csparse.dylib */,
				EB0FDABE1CC2687F00A2E303 /* libg2o_stuff.dylib */,
				EB0FDABF1CC2687F00A2E303 /* libg2o_ext_freeglut_minimal.dylib */,
				EB0FDAC01CC2687F00A2E303 /* libg2o_opengl_helper.dylib */,
			);
			name = g2o;
			sourceTree = "<group>";
		};
		EB361F701C9EEEAF00883F14 /* DBoW2 */ = {
			isa = PBXGroup;
			children = (
				EB2CCF6F1CA24E0300170EEE /* libDBoW2.a */,
			);
			name = DBoW2;
			sourceTree = "<group>";
		};
		EB98C3601CBF926D006110BA /* freeglut */ = {
			isa = PBXGroup;
			children = (
				EB98C35B1CBF5CD2006110BA /* libglut.3.dylib */,
			);
			name = freeglut;
			sourceTree = "<group>";
		};
		EBFE5B5A1C9D9FD300E6DA0B = {
			isa = PBXGroup;
			children = (
				EBFE5B7B1C9DA68D00E6DA0B /* lib */,
				EBFE5B651C9D9FD300E6DA0B /* SLAM_ORB_Tracker */,
				EBFE5B641C9D9FD300E6DA0B /* Products */,
			);
			sourceTree = "<group>";
		};
		EBFE5B641C9D9FD300E6DA0B /* Products */ = {
			isa = PBXGroup;
			children = (
				EBFE5B631C9D9FD300E6DA0B /* SLAM_ORB_Tracker */,
			);
			name = Products;
			sourceTree = "<group>";
		};
		EBFE5B651C9D9FD300E6DA0B /* SLAM_ORB_Tracker */ = {
			isa = PBXGroup;
			children = (
				EBFE5B721C9DA1F100E6DA0B /* src */,
				EBFE5B741C9DA1F100E6DA0B /* inc */,
				684244D85D9D30B26C844984 /* third */,
				6842451951300DE381D10052 /* vslam_config_05.xml */,
				684242E68BAF5C4D3A113229 /* vslam_config.xml */,
				68424A2E1DF0FAAAB3C566EA /* vslam_config_04.xml */,
				68424B39E73E39D432BD5342 /* vslam_config_03.xml */,
				68424359A74CDA8313469CCC /* vslam_config_07.xml */,
				6842425E5A570EC4275AD92A /* vslam_config_09.xml */,
			);
			path = SLAM_ORB_Tracker;
			sourceTree = "<group>";
		};
		EBFE5B721C9DA1F100E6DA0B /* src */ = {
			isa = PBXGroup;
			children = (
				EBFE5E8F1C9E830100E6DA0B /* Constant.cpp */,
				EBFE5B731C9DA1F100E6DA0B /* MainProgram.cpp */,
				EB301C501C9FF0E600F685EE /* FrameDrawer.cpp */,
				EB301C531C9FF0F500F685EE /* MapDrawer.cpp */,
				EBFE5CDA1C9DB16700E6DA0B /* Config.cpp */,
				EB361E201C9EC1C000883F14 /* Tracker.cpp */,
				EB361E2C1C9EC56200883F14 /* Vocabulary.cpp */,
				EB361E231C9EC1EB00883F14 /* LocalMapper.cpp */,
				EB361E261C9EC1F500883F14 /* LoopCloser.cpp */,
				EBFE5CD71C9DB09100E6DA0B /* InputBuffer.cpp */,
				EBFE5E931C9E93E700E6DA0B /* FrameState.cpp */,
				EB301C5C1CA0006E00F685EE /* MotionState.cpp */,
				EB301C591CA0006400F685EE /* PoseState.cpp */,
				EB301C611CA0208300F685EE /* Utils.cpp */,
				EB361E901C9EE69E00883F14 /* KeyFrameState.cpp */,
				68424BCBCC9C77B25984FCC0 /* Map.cpp */,
				684246C0ADD12E1DC4FECEC2 /* MapPoint.cpp */,
				68424A4228369C28A681D4E8 /* GLWindow.cpp */,
			);
			path = src;
			sourceTree = "<group>";
		};
		EBFE5B741C9DA1F100E6DA0B /* inc */ = {
			isa = PBXGroup;
			children = (
				EB301C641CA021E900F685EE /* Utils.hpp */,
				EB301C5F1CA0008A00F685EE /* MotionState.hpp */,
				EB301C601CA0008A00F685EE /* PoseState.hpp */,
				EB301C561C9FF13700F685EE /* FrameDrawer.hpp */,
				EB301C571C9FF13700F685EE /* KeyFrameState.hpp */,
				EB301C581C9FF13700F685EE /* MapDrawer.hpp */,
				EB361E2F1C9EC58600883F14 /* Vocabulary.hpp */,
				EB361E291C9EC21700883F14 /* LocalMapper.hpp */,
				EB361E2A1C9EC21800883F14 /* LoopCloser.hpp */,
				EB361E2B1C9EC21800883F14 /* Tracker.hpp */,
				EB361E1F1C9EAD8400883F14 /* BlockingQueue.hpp */,
				EBFE5E961C9E943200E6DA0B /* FrameState.hpp */,
				EBFE5E911C9E830D00E6DA0B /* Constant.hpp */,
				EBFE5CDB1C9DB16700E6DA0B /* Config.hpp */,
				EBFE5CD81C9DB09100E6DA0B /* InputBuffer.hpp */,
				EBFE5B751C9DA1F100E6DA0B /* stdafx.hpp */,
				68424AD6B666DAA47A38A761 /* Map.hpp */,
				684246AC35F9293964205A49 /* MapPoint.hpp */,
				68424327287BB2C020822879 /* GLWindow.hpp */,
			);
			path = inc;
			sourceTree = "<group>";
		};
		EBFE5B7B1C9DA68D00E6DA0B /* lib */ = {
			isa = PBXGroup;
			children = (
				EB98C3601CBF926D006110BA /* freeglut */,
				EB98C3591CBF5C8E006110BA /* OpenGL.framework */,
				EB301C1D1C9F946B00F685EE /* g2o */,
				EB361F701C9EEEAF00883F14 /* DBoW2 */,
				EBFE5C671C9DA76900E6DA0B /* opencv */,
				EBFE5C661C9DA75800E6DA0B /* boost */,
			);
			name = lib;
			sourceTree = "<group>";
		};
		EBFE5C661C9DA75800E6DA0B /* boost */ = {
			isa = PBXGroup;
			children = (
				EBFE5B7D1C9DA6F400E6DA0B /* libboost_atomic-mt.dylib */,
				EBFE5B7F1C9DA6F400E6DA0B /* libboost_chrono-mt.dylib */,
				EBFE5B811C9DA6F400E6DA0B /* libboost_chrono.dylib */,
				EBFE5B831C9DA6F400E6DA0B /* libboost_container-mt.dylib */,
				EBFE5B851C9DA6F400E6DA0B /* libboost_container.dylib */,
				EBFE5B871C9DA6F400E6DA0B /* libboost_context-mt.dylib */,
				EBFE5B891C9DA6F400E6DA0B /* libboost_coroutine-mt.dylib */,
				EBFE5B8B1C9DA6F400E6DA0B /* libboost_coroutine.dylib */,
				EBFE5B8D1C9DA6F400E6DA0B /* libboost_date_time-mt.dylib */,
				EBFE5B8F1C9DA6F400E6DA0B /* libboost_date_time.dylib */,
				EBFE5B931C9DA6F400E6DA0B /* libboost_filesystem-mt.dylib */,
				EBFE5B951C9DA6F400E6DA0B /* libboost_filesystem.dylib */,
				EBFE5B971C9DA6F400E6DA0B /* libboost_graph-mt.dylib */,
				EBFE5B991C9DA6F400E6DA0B /* libboost_graph.dylib */,
				EBFE5B9B1C9DA6F400E6DA0B /* libboost_iostreams-mt.dylib */,
				EBFE5B9D1C9DA6F400E6DA0B /* libboost_iostreams.dylib */,
				EBFE5B9F1C9DA6F400E6DA0B /* libboost_locale-mt.dylib */,
				EBFE5BA11C9DA6F400E6DA0B /* libboost_log_setup-mt.dylib */,
				EBFE5BA31C9DA6F400E6DA0B /* libboost_log_setup.dylib */,
				EBFE5BA51C9DA6F400E6DA0B /* libboost_log-mt.dylib */,
				EBFE5BA71C9DA6F400E6DA0B /* libboost_log.dylib */,
				EBFE5BA91C9DA6F400E6DA0B /* libboost_math_c99-mt.dylib */,
				EBFE5BAB1C9DA6F400E6DA0B /* libboost_math_c99.dylib */,
				EBFE5BAD1C9DA6F400E6DA0B /* libboost_math_c99f-mt.dylib */,
				EBFE5BAF1C9DA6F400E6DA0B /* libboost_math_c99f.dylib */,
				EBFE5BB11C9DA6F400E6DA0B /* libboost_math_c99l-mt.dylib */,
				EBFE5BB31C9DA6F400E6DA0B /* libboost_math_c99l.dylib */,
				EBFE5BB51C9DA6F400E6DA0B /* libboost_math_tr1-mt.dylib */,
				EBFE5BB71C9DA6F400E6DA0B /* libboost_math_tr1.dylib */,
				EBFE5BB91C9DA6F400E6DA0B /* libboost_math_tr1f-mt.dylib */,
				EBFE5BBB1C9DA6F400E6DA0B /* libboost_math_tr1f.dylib */,
				EBFE5BBD1C9DA6F400E6DA0B /* libboost_math_tr1l-mt.dylib */,
				EBFE5BBF1C9DA6F400E6DA0B /* libboost_math_tr1l.dylib */,
				EBFE5BC11C9DA6F400E6DA0B /* libboost_prg_exec_monitor-mt.dylib */,
				EBFE5BC31C9DA6F400E6DA0B /* libboost_prg_exec_monitor.dylib */,
				EBFE5BC51C9DA6F400E6DA0B /* libboost_program_options-mt.dylib */,
				EBFE5BC71C9DA6F400E6DA0B /* libboost_program_options.dylib */,
				EBFE5BC91C9DA6F400E6DA0B /* libboost_random-mt.dylib */,
				EBFE5BCB1C9DA6F400E6DA0B /* libboost_random.dylib */,
				EBFE5BCD1C9DA6F400E6DA0B /* libboost_regex-mt.dylib */,
				EBFE5BCF1C9DA6F400E6DA0B /* libboost_regex.dylib */,
				EBFE5BD11C9DA6F400E6DA0B /* libboost_serialization-mt.dylib */,
				EBFE5BD31C9DA6F400E6DA0B /* libboost_serialization.dylib */,
				EBFE5BD51C9DA6F400E6DA0B /* libboost_signals-mt.dylib */,
				EBFE5BD71C9DA6F400E6DA0B /* libboost_signals.dylib */,
				EBFE5BD91C9DA6F400E6DA0B /* libboost_system-mt.dylib */,
				EBFE5BDB1C9DA6F400E6DA0B /* libboost_system.dylib */,
				EBFE5BE01C9DA6F400E6DA0B /* libboost_timer-mt.dylib */,
				EBFE5BE21C9DA6F400E6DA0B /* libboost_timer.dylib */,
				EBFE5BE41C9DA6F400E6DA0B /* libboost_type_erasure-mt.dylib */,
				EBFE5BE61C9DA6F400E6DA0B /* libboost_type_erasure.dylib */,
				EBFE5BE81C9DA6F400E6DA0B /* libboost_unit_test_framework-mt.dylib */,
				EBFE5BEA1C9DA6F400E6DA0B /* libboost_unit_test_framework.dylib */,
				EBFE5BEC1C9DA6F400E6DA0B /* libboost_wave-mt.dylib */,
				EBFE5BEE1C9DA6F400E6DA0B /* libboost_wserialization-mt.dylib */,
				EBFE5BF01C9DA6F400E6DA0B /* libboost_wserialization.dylib */,
				EBFE5B771C9DA68600E6DA0B /* libboost_thread-mt.dylib */,
			);
			name = boost;
			sourceTree = "<group>";
		};
		EBFE5C671C9DA76900E6DA0B /* opencv */ = {
			isa = PBXGroup;
			children = (
				EBAB8D901CA18B64009A0ED4 /* libopencv_calib3d.2.4.12.dylib */,
				EBAB8D911CA18B64009A0ED4 /* libopencv_contrib.2.4.12.dylib */,
				EBAB8D921CA18B64009A0ED4 /* libopencv_core.2.4.12.dylib */,
				EBAB8D931CA18B64009A0ED4 /* libopencv_features2d.2.4.12.dylib */,
				EBAB8D941CA18B64009A0ED4 /* libopencv_flann.2.4.12.dylib */,
				EBAB8D951CA18B64009A0ED4 /* libopencv_gpu.2.4.12.dylib */,
				EBAB8D961CA18B64009A0ED4 /* libopencv_highgui.2.4.12.dylib */,
				EBAB8D971CA18B64009A0ED4 /* libopencv_imgproc.2.4.12.dylib */,
				EBAB8D981CA18B64009A0ED4 /* libopencv_legacy.2.4.12.dylib */,
				EBAB8D991CA18B64009A0ED4 /* libopencv_ml.2.4.12.dylib */,
				EBAB8D9A1CA18B64009A0ED4 /* libopencv_nonfree.2.4.12.dylib */,
				EBAB8D9B1CA18B64009A0ED4 /* libopencv_objdetect.2.4.12.dylib */,
				EBAB8D9C1CA18B64009A0ED4 /* libopencv_ocl.2.4.12.dylib */,
				EBAB8D9D1CA18B64009A0ED4 /* libopencv_photo.2.4.12.dylib */,
				EBAB8D9E1CA18B64009A0ED4 /* libopencv_stitching.2.4.12.dylib */,
				EBAB8D9F1CA18B64009A0ED4 /* libopencv_superres.2.4.12.dylib */,
				EBAB8DA01CA18B64009A0ED4 /* libopencv_ts.a */,
				EBAB8DA11CA18B64009A0ED4 /* libopencv_video.2.4.12.dylib */,
				EBAB8DA21CA18B64009A0ED4 /* libopencv_videostab.2.4.12.dylib */,
				EBAB8DA31CA18B64009A0ED4 /* libopencv_viz.2.4.12.dylib */,
			);
			name = opencv;
			sourceTree = "<group>";
		};
/* End PBXGroup section */

/* Begin PBXNativeTarget section */
		EBFE5B621C9D9FD300E6DA0B /* SLAM_ORB_Tracker */ = {
			isa = PBXNativeTarget;
			buildConfigurationList = EBFE5B6A1C9D9FD300E6DA0B /* Build configuration list for PBXNativeTarget "SLAM_ORB_Tracker" */;
			buildPhases = (
				EBFE5B5F1C9D9FD300E6DA0B /* Sources */,
				EBFE5B601C9D9FD300E6DA0B /* Frameworks */,
				EBFE5B611C9D9FD300E6DA0B /* CopyFiles */,
			);
			buildRules = (
			);
			dependencies = (
			);
			name = SLAM_ORB_Tracker;
			productName = SLAM_ORB_Tracker;
			productReference = EBFE5B631C9D9FD300E6DA0B /* SLAM_ORB_Tracker */;
			productType = "com.apple.product-type.tool";
		};
/* End PBXNativeTarget section */

/* Begin PBXProject section */
		EBFE5B5B1C9D9FD300E6DA0B /* Project object */ = {
			isa = PBXProject;
			attributes = {
				KnownAssetTags = (
					New,
				);
				LastUpgradeCheck = 0720;
				ORGANIZATIONNAME = "Sen Yu";
				TargetAttributes = {
					EBFE5B621C9D9FD300E6DA0B = {
						CreatedOnToolsVersion = 7.2;
					};
				};
			};
			buildConfigurationList = EBFE5B5E1C9D9FD300E6DA0B /* Build configuration list for PBXProject "SLAM_ORB_Tracker" */;
			compatibilityVersion = "Xcode 3.2";
			developmentRegion = English;
			hasScannedForEncodings = 0;
			knownRegions = (
				en,
			);
			mainGroup = EBFE5B5A1C9D9FD300E6DA0B;
			productRefGroup = EBFE5B641C9D9FD300E6DA0B /* Products */;
			projectDirPath = "";
			projectRoot = "";
			targets = (
				EBFE5B621C9D9FD300E6DA0B /* SLAM_ORB_Tracker */,
			);
		};
/* End PBXProject section */

/* Begin PBXSourcesBuildPhase section */
		EBFE5B5F1C9D9FD300E6DA0B /* Sources */ = {
			isa = PBXSourcesBuildPhase;
			buildActionMask = 2147483647;
			files = (
				EBFE5E951C9E93E700E6DA0B /* FrameState.cpp in Sources */,
				EB301C551C9FF0F500F685EE /* MapDrawer.cpp in Sources */,
				EB361E2E1C9EC56200883F14 /* Vocabulary.cpp in Sources */,
				EB361E281C9EC1F500883F14 /* LoopCloser.cpp in Sources */,
				EB301C5B1CA0006400F685EE /* PoseState.cpp in Sources */,
				EBFE5CDC1C9DB16700E6DA0B /* Config.cpp in Sources */,
				EB361E221C9EC1C000883F14 /* Tracker.cpp in Sources */,
				EB361E921C9EE69E00883F14 /* KeyFrameState.cpp in Sources */,
				EBFE5CD91C9DB09100E6DA0B /* InputBuffer.cpp in Sources */,
				EB301C5E1CA0006E00F685EE /* MotionState.cpp in Sources */,
				EBFE5B761C9DA1F100E6DA0B /* MainProgram.cpp in Sources */,
				EBFE5E901C9E830100E6DA0B /* Constant.cpp in Sources */,
				EB361E251C9EC1EB00883F14 /* LocalMapper.cpp in Sources */,
				EB301C631CA0208300F685EE /* Utils.cpp in Sources */,
				EB301C521C9FF0E600F685EE /* FrameDrawer.cpp in Sources */,
				6842405E4B73F91D4B553B4F /* Map.cpp in Sources */,
				6842415444099A1FE7B3B508 /* MapPoint.cpp in Sources */,
				684248A1A2F465A967DB66A4 /* Initializer.cc in Sources */,
				68424E66C2C4242C9BF1A94A /* ORBmatcher.cc in Sources */,
				684240FEBC9232D35FF2B8BC /* ORBextractor.cc in Sources */,
				68424AA02308E2E3333AD710 /* GLWindow.cpp in Sources */,
				6842495A25CBE8FAA0451D5B /* Optimizer.cpp in Sources */,
			);
			runOnlyForDeploymentPostprocessing = 0;
		};
/* End PBXSourcesBuildPhase section */

/* Begin XCBuildConfiguration section */
		EBFE5B681C9D9FD300E6DA0B /* Debug */ = {
			isa = XCBuildConfiguration;
			buildSettings = {
				ALWAYS_SEARCH_USER_PATHS = NO;
				CLANG_CXX_LANGUAGE_STANDARD = "gnu++0x";
				CLANG_CXX_LIBRARY = "libc++";
				CLANG_ENABLE_MODULES = YES;
				CLANG_ENABLE_OBJC_ARC = YES;
				CLANG_WARN_BOOL_CONVERSION = YES;
				CLANG_WARN_CONSTANT_CONVERSION = YES;
				CLANG_WARN_DIRECT_OBJC_ISA_USAGE = YES_ERROR;
				CLANG_WARN_EMPTY_BODY = YES;
				CLANG_WARN_ENUM_CONVERSION = YES;
				CLANG_WARN_INT_CONVERSION = YES;
				CLANG_WARN_OBJC_ROOT_CLASS = YES_ERROR;
				CLANG_WARN_UNREACHABLE_CODE = YES;
				CLANG_WARN__DUPLICATE_METHOD_MATCH = YES;
				CODE_SIGN_IDENTITY = "-";
				COPY_PHASE_STRIP = NO;
				DEBUG_INFORMATION_FORMAT = dwarf;
				ENABLE_STRICT_OBJC_MSGSEND = YES;
				ENABLE_TESTABILITY = YES;
				GCC_C_LANGUAGE_STANDARD = gnu99;
				GCC_DYNAMIC_NO_PIC = NO;
				GCC_NO_COMMON_BLOCKS = YES;
				GCC_OPTIMIZATION_LEVEL = 0;
				GCC_PREPROCESSOR_DEFINITIONS = (
					"DEBUG=1",
					"$(inherited)",
				);
				GCC_WARN_64_TO_32_BIT_CONVERSION = YES;
				GCC_WARN_ABOUT_RETURN_TYPE = YES_ERROR;
				GCC_WARN_UNDECLARED_SELECTOR = YES;
				GCC_WARN_UNINITIALIZED_AUTOS = YES_AGGRESSIVE;
				GCC_WARN_UNUSED_FUNCTION = YES;
				GCC_WARN_UNUSED_VARIABLE = YES;
				HEADER_SEARCH_PATHS = (
					/usr/local/include,
					/usr/local/include/eigen3,
				);
				LIBRARY_SEARCH_PATHS = /usr/local/lib;
				MACOSX_DEPLOYMENT_TARGET = 10.10;
				MTL_ENABLE_DEBUG_INFO = YES;
				ONLY_ACTIVE_ARCH = YES;
				SDKROOT = macosx;
			};
			name = Debug;
		};
		EBFE5B691C9D9FD300E6DA0B /* Release */ = {
			isa = XCBuildConfiguration;
			buildSettings = {
				ALWAYS_SEARCH_USER_PATHS = NO;
				CLANG_CXX_LANGUAGE_STANDARD = "gnu++0x";
				CLANG_CXX_LIBRARY = "libc++";
				CLANG_ENABLE_MODULES = YES;
				CLANG_ENABLE_OBJC_ARC = YES;
				CLANG_WARN_BOOL_CONVERSION = YES;
				CLANG_WARN_CONSTANT_CONVERSION = YES;
				CLANG_WARN_DIRECT_OBJC_ISA_USAGE = YES_ERROR;
				CLANG_WARN_EMPTY_BODY = YES;
				CLANG_WARN_ENUM_CONVERSION = YES;
				CLANG_WARN_INT_CONVERSION = YES;
				CLANG_WARN_OBJC_ROOT_CLASS = YES_ERROR;
				CLANG_WARN_UNREACHABLE_CODE = YES;
				CLANG_WARN__DUPLICATE_METHOD_MATCH = YES;
				CODE_SIGN_IDENTITY = "-";
				COPY_PHASE_STRIP = NO;
				DEBUG_INFORMATION_FORMAT = "dwarf-with-dsym";
				ENABLE_NS_ASSERTIONS = NO;
				ENABLE_STRICT_OBJC_MSGSEND = YES;
				GCC_C_LANGUAGE_STANDARD = gnu99;
				GCC_NO_COMMON_BLOCKS = YES;
				GCC_WARN_64_TO_32_BIT_CONVERSION = YES;
				GCC_WARN_ABOUT_RETURN_TYPE = YES_ERROR;
				GCC_WARN_UNDECLARED_SELECTOR = YES;
				GCC_WARN_UNINITIALIZED_AUTOS = YES_AGGRESSIVE;
				GCC_WARN_UNUSED_FUNCTION = YES;
				GCC_WARN_UNUSED_VARIABLE = YES;
				HEADER_SEARCH_PATHS = (
					/usr/local/include,
					/usr/local/include/eigen3,
				);
				LIBRARY_SEARCH_PATHS = /usr/local/lib;
				MACOSX_DEPLOYMENT_TARGET = 10.10;
				MTL_ENABLE_DEBUG_INFO = NO;
				SDKROOT = macosx;
			};
			name = Release;
		};
		EBFE5B6B1C9D9FD300E6DA0B /* Debug */ = {
			isa = XCBuildConfiguration;
			buildSettings = {
				CLANG_CXX_LANGUAGE_STANDARD = "gnu++0x";
				CLANG_CXX_LIBRARY = "libc++";
				FRAMEWORK_SEARCH_PATHS = "$(inherited)";
				GCC_LINK_WITH_DYNAMIC_LIBRARIES = NO;
				HEADER_SEARCH_PATHS = (
					/usr/local/include/,
					/usr/local/include/eigen3/,
					"${PROJECT_DIR}/SLAM_ORB_Tracker",
					"${PROJECT_DIR}/SLAM_ORB_Tracker/third/**",
					/usr/local/Cellar/freeglut/2.8.1/include/,
				);
				LIBRARY_SEARCH_PATHS = (
					/usr/local/lib,
					/usr/local/Cellar/boost/1.60.0/lib,
					/usr/local/Cellar/opencv/2.4.12/lib,
					/usr/local/Cellar/freeglut/2.8.1/lib,
					"/usr/local/lib/g2o-non",
				);
				OTHER_CFLAGS = "";
				OTHER_CPLUSPLUSFLAGS = "$(OTHER_CFLAGS)";
				PRODUCT_NAME = "$(TARGET_NAME)";
			};
			name = Debug;
		};
		EBFE5B6C1C9D9FD300E6DA0B /* Release */ = {
			isa = XCBuildConfiguration;
			buildSettings = {
				CLANG_CXX_LANGUAGE_STANDARD = "gnu++0x";
				CLANG_CXX_LIBRARY = "libc++";
				FRAMEWORK_SEARCH_PATHS = "$(inherited)";
				GCC_LINK_WITH_DYNAMIC_LIBRARIES = NO;
				HEADER_SEARCH_PATHS = (
					/usr/local/include/,
					/usr/local/include/eigen3/,
					"${PROJECT_DIR}/SLAM_ORB_Tracker",
					"${PROJECT_DIR}/SLAM_ORB_Tracker/third/**",
					/usr/local/Cellar/freeglut/2.8.1/include/,
				);
				LIBRARY_SEARCH_PATHS = (
					/usr/local/lib,
					/usr/local/Cellar/boost/1.60.0/lib,
					/usr/local/Cellar/opencv/2.4.12/lib,
					/usr/local/Cellar/freeglut/2.8.1/lib,
					"/usr/local/lib/g2o-non",
				);
				OTHER_CFLAGS = "";
				OTHER_CPLUSPLUSFLAGS = "$(OTHER_CFLAGS)";
				PRODUCT_NAME = "$(TARGET_NAME)";
			};
			name = Release;
		};
/* End XCBuildConfiguration section */

/* Begin XCConfigurationList section */
		EBFE5B5E1C9D9FD300E6DA0B /* Build configuration list for PBXProject "SLAM_ORB_Tracker" */ = {
			isa = XCConfigurationList;
			buildConfigurations = (
				EBFE5B681C9D9FD300E6DA0B /* Debug */,
				EBFE5B691C9D9FD300E6DA0B /* Release */,
			);
			defaultConfigurationIsVisible = 0;
			defaultConfigurationName = Release;
		};
		EBFE5B6A1C9D9FD300E6DA0B /* Build configuration list for PBXNativeTarget "SLAM_ORB_Tracker" */ = {
			isa = XCConfigurationList;
			buildConfigurations = (
				EBFE5B6B1C9D9FD300E6DA0B /* Debug */,
				EBFE5B6C1C9D9FD300E6DA0B /* Release */,
			);
			defaultConfigurationIsVisible = 0;
			defaultConfigurationName = Release;
		};
/* End XCConfigurationList section */
	};
	rootObject = EBFE5B5B1C9D9FD300E6DA0B /* Project object */;
}
